{
  "version": 4,
  "terraform_version": "1.3.2",
  "serial": 682,
  "lineage": "b76c0210-af2f-ce81-ca7d-0a1953207469",
  "outputs": {
    "ec2_instance_ip": {
      "value": [
        "52.56.85.219"
      ],
      "type": [
        "tuple",
        [
          "string"
        ]
      ]
    },
    "private_key": {
      "value": "-----BEGIN RSA PRIVATE KEY-----\nMIIJJwIBAAKCAgEAssJVSfak2tBPbMAJqZftvy/yS6nZorOQ1fGGU6pM4j1E/KOc\nyk4guLPniZjtLSV0hKkeW0z5KAKJ8prqv400ikIUJl60WsXkklNH5BpVKEXPdPy8\nDI5a9JKnyFvWRQPRwGTE6ZVugg+FuG5/KLDFp9i1Ri+sqI1tN3V67Z5GXrcaaZdp\nb2jQ9FwPuD9mi2BsOF0lYDzvmgNIq/ny7rsep4hzRrgtb48OCZg0tmqr6TWxER/i\nUAjVo3/nq7Os4qi/J/vghqRn4ZJMajPa0EJ8JdXR9Vd/xSa4rXSlLdj7bfJh4O+2\nUpziAnUD3sMD9jOK5h3rY5eGPimOqRdCOYULj5M5vVYqpDtwY6BbAP0MhDq25HOL\nCYPNjfffKzi1hkTk1YKJsFnQCMsR7mZ16HFX/2N4OsLML1gC2+SqyUetKd4aIR0s\nrX2+RmoupS3G90JlI4D2V6W8qQrguyqHNc0aLq3g4uPiFqD1e4wWCGJf6bqIfIrg\nVEM9SzWQFjTxwDTaWDgTH1xO19fxBkIMp/ADRgcNQdk+5f7y3YvudB4zmERElMkU\nqHAACcE/pA6LhsON2zAXrtT4X+Wmx+ZrnpRUKEEHAytm3ABdyxIPgbMHAMCEAQT9\nrt1l4ClzK/e70UeZSJ7D1pIoaUqCCLLlrCnHphgxvIrV5sRmiYaxgsCu5D0CAwEA\nAQKCAgAPE1KMDU/z4DOCkWN/OP/k6s89UFK5ZPlnAZp5fdhEEDS8NbQoX5Rk3088\njHgcIZeFBJo5yvEMTcKCgkwf4XG340C9x6jgKuZO7NUYSJw77D9Ft3bIfEzxaVjb\nDduxMFRFLHpq1J5gO5zkY/U3YkkZEa6f/69I+7xlO/QlC/8VR83jb9CFg8pzgTwW\nJsqoIHaf/kMDrb/rNjGvx0GUnpVEPb6zDR9P1Dmz13FCnRZocY3ASvcUFtqlkkjg\ncyO2bdLJNXXHBSB5ppPpNPxUKfc8XZ76WOm+n7hdcIPprO3vZMyaYrz2lKJ+4I12\nAO5ZmhkxtP5ABOxeW7TbT8nW/gBudDAB4rF8DrsWW3E3rX1aDs5PaB4OuSugNrHP\nOQUbKN8m0TrbkV/d5rxjhvu+JVHPR17ozLgcTNZmnhvAwwnvPrYhbOllrQ4xFGsZ\n/C8Kg/hhVv+QLZ50LERK4t8Pnp5z0gLDDPOw0ovCyuUoKSlDORk+Nkywd3/JRrL4\nwz+xdy4bGHWc7HLEVmZMC3FqztLtayx7lVy21MvwuBoDD7+oiZfPPTB3YUozdFPR\n1utneE4TRxJ97L7ls3CARYS9U7gL4j5kZhqlZfTI6G22wZQefmiIq7b8Ks57c1yw\nSWeKm4XbAdr6HrGgsmKjjDTWXuPdu29w8kw4ewcZhpacLRbCIQKCAQEA4unB24T8\ncx1/sjen2sJ7XsY2lbr1bvM4aWwuIEDZPWQ/r0jEqr62hHYIzkoy7elF2hWdbV9V\nc3vk1wbFFTJ42HQA7xpKamrUobGetga9R5RyeZFhykZcqgBbiwhZHyPxy88O72C4\nJqa8BeMkIVipOfzLxmtCi7t1mGqkzrtyP0E5YKLT1bYrTBuZnqISsPtmzzLm5En+\nK6Nw7i5D3BbCsK6ik8cwWq2OYY5iWHu3RPlViYmVAM9S8GhnsosgLJw2lFe47pIs\n7Q0wTWkhT8WOZTq8FrdKqsay6cwwtmK5z5U3rRZIfnSxtZToTDRaXww+zjLYUdMv\nsEJivHLmG5cC5QKCAQEAyaxiLhzMCiKTlxRtnr6XgvIyo/yBPhspZoWcwweuX6GU\nAEoxkSwgdLp0YDS8Lim6u4n6IEGW05axLpocPvPwZs6OFz7HYSV9nMF29g8evoOO\nvGjvgNWtSe1tmn7itzjegv97r6RxOcJvXRIYiErP7rb7xw5A/7SQKRumAaJslNwJ\nji1NJOEr9aQfEU7H0HtU6GAt8WBaw2MtnycZhvRK71NlE7xUA0cNny6KEnR87Dxx\nxfgrX07fLhzmtZ0D9xocRhPRF8Y1mf/VBsNozdbdjvnUgVnN2+JfU2CYIVmlnbKF\nlhubnfkhO5ArVuFe9XkAN6VLbnQ0Z2TsxJZlQy4OeQKCAQBwbhI3inTrNLqIuzrY\nEXS/SMbS+YeSKcDRu2A/auI4oOtNFmkbkNMuXq2OSQVjDCooHH2cK5hTWBfS0u/j\nyNZHqXKtBgHJKJWiaDeTSVOPm+X8hiRF7QcM1JCHGuPNoim0KivkP6/+tq6C3ECS\npTN0H+V3sr2OLpvdoTl3lTjOTqr3TrZXNaPOWf6LsxI/ztDp6PauNltRk/HokdPd\nwQlGMcEsJ4214Dij7cCcxu/PpRrUwu6pMBCQParjtDuE3wHMDor66kKIUfiU4no2\n5FPhpHB9cOP2Ke2MGjgoplIaoHytrlTNE1TZ+6X93BLK9W5JDLhSEqmWU85IQUXy\ndahhAoIBACPETdlNxCYcAb7uoY5g0PApUi/hLW69VHdZRPcV2qgdOOlgPzA2+j6Z\nfuA9Gg652eM+0jx8RWqbNCtGq7HCg6VIBs06lhO1mXR+n0F+Zv50yJDDr45S1xvg\nXurijATgsh3bf60j5ezPff6soesyEXSNwVOJRJ/U/yg7PhLWIpm3+H3drOvYf3pe\nNCBWr3tbFDDuNde0NgSnB0VNoupbUxrk2G1Knj/CjzjnARfKzwj6o1bv74lErLI5\n7/TPtw9Q8yi+hPvJbGI2jCpZ57Fx5PNhfX2/VpIjsLJR1Ek94/B249g+Zzf6Ihm1\nNOqAp92zKwWzbBBXzZ90t8UZwzXJ6kkCggEAOHJiz9jC2yw/MmGAGfKkERFvUiI1\n3K6EYvvyZ48wDGbAMBCSvDBNXJAQCqLLI1lKkUWDz9Odm00+Ytriu8Rsmymcr78t\n1p3wCoI9zZI3tJxtps3I4zv2wAbfeWst8389Z0GOd/EAfzKE0QecoTm5njcVeYvh\n78ngpZ5Yet6+Cmz/DUl63B92lcrz+Vlk/aSJs3UAqeK53w2pEHbW07DUoE5AHAZx\nLL6fzkxDwTYqEE0eiOzzWiwWea1PVSl11S1doLruHhoyHpyiqCwtLDsX3j5Cyl4Y\ncdw2wMoku1pJWYkz/i1GpDn2zYN+2dMfnMnp7f6e38WlhNN0lCUfHBdyYw==\n-----END RSA PRIVATE KEY-----\n",
      "type": "string",
      "sensitive": true
    },
    "rds_endpoint": {
      "value": [
        "infracloud-test.cng9fp2blywh.eu-west-2.rds.amazonaws.com:5432"
      ],
      "type": [
        "tuple",
        [
          "string"
        ]
      ]
    }
  },
  "resources": [
    {
      "mode": "data",
      "type": "aws_availability_zones",
      "name": "available",
      "provider": "provider[\"registry.terraform.io/hashicorp/aws\"]",
      "instances": [
        {
          "schema_version": 0,
          "attributes": {
            "all_availability_zones": null,
            "exclude_names": null,
            "exclude_zone_ids": null,
            "filter": null,
            "group_names": [
              "eu-west-2"
            ],
            "id": "eu-west-2",
            "names": [
              "eu-west-2a",
              "eu-west-2b",
              "eu-west-2c"
            ],
            "state": null,
            "timeouts": null,
            "zone_ids": [
              "euw2-az2",
              "euw2-az3",
              "euw2-az1"
            ]
          },
          "sensitive_attributes": []
        }
      ]
    },
    {
      "mode": "managed",
      "type": "aws_key_pair",
      "name": "ssh_key",
      "provider": "provider[\"registry.terraform.io/hashicorp/aws\"]",
      "instances": [
        {
          "schema_version": 1,
          "attributes": {
            "arn": "arn:aws:ec2:eu-west-2:972785599914:key-pair/Infracloud-test-key",
            "fingerprint": "a9:92:b4:77:0a:5d:d4:51:dd:80:a1:60:7d:3d:36:2d",
            "id": "Infracloud-test-key",
            "key_name": "Infracloud-test-key",
            "key_name_prefix": "",
            "key_pair_id": "key-07244ca2363716b8b",
            "key_type": "rsa",
            "public_key": "ssh-rsa AAAAB3NzaC1yc2EAAAADAQABAAACAQCywlVJ9qTa0E9swAmpl+2/L/JLqdmis5DV8YZTqkziPUT8o5zKTiC4s+eJmO0tJXSEqR5bTPkoAonymuq/jTSKQhQmXrRaxeSSU0fkGlUoRc90/LwMjlr0kqfIW9ZFA9HAZMTplW6CD4W4bn8osMWn2LVGL6yojW03dXrtnkZetxppl2lvaND0XA+4P2aLYGw4XSVgPO+aA0ir+fLuux6niHNGuC1vjw4JmDS2aqvpNbERH+JQCNWjf+ers6ziqL8n++CGpGfhkkxqM9rQQnwl1dH1V3/FJritdKUt2Ptt8mHg77ZSnOICdQPewwP2M4rmHetjl4Y+KY6pF0I5hQuPkzm9ViqkO3BjoFsA/QyEOrbkc4sJg82N998rOLWGROTVgomwWdAIyxHuZnXocVf/Y3g6wswvWALb5KrJR60p3hohHSytfb5Gai6lLcb3QmUjgPZXpbypCuC7Koc1zRoureDi4+IWoPV7jBYIYl/puoh8iuBUQz1LNZAWNPHANNpYOBMfXE7X1/EGQgyn8ANGBw1B2T7l/vLdi+50HjOYRESUyRSocAAJwT+kDouGw43bMBeu1Phf5abH5muelFQoQQcDK2bcAF3LEg+BswcAwIQBBP2u3WXgKXMr97vRR5lInsPWkihpSoIIsuWsKcemGDG8itXmxGaJhrGCwK7kPQ==",
            "tags": {},
            "tags_all": {}
          },
          "sensitive_attributes": [],
          "private": "eyJzY2hlbWFfdmVyc2lvbiI6IjEifQ==",
          "dependencies": [
            "tls_private_key.ssh_key"
          ]
        }
      ]
    },
    {
      "mode": "managed",
      "type": "tls_private_key",
      "name": "ssh_key",
      "provider": "provider[\"registry.terraform.io/hashicorp/tls\"]",
      "instances": [
        {
          "schema_version": 1,
          "attributes": {
            "algorithm": "RSA",
            "ecdsa_curve": "P224",
            "id": "e3054e0c908b7ad24932c5796eb691175942a22f",
            "private_key_openssh": "-----BEGIN OPENSSH PRIVATE KEY-----\nb3BlbnNzaC1rZXktdjEAAAAABG5vbmUAAAAEbm9uZQAAAAAAAAABAAACFwAAAAdz\nc2gtcnNhAAAAAwEAAQAAAgEAssJVSfak2tBPbMAJqZftvy/yS6nZorOQ1fGGU6pM\n4j1E/KOcyk4guLPniZjtLSV0hKkeW0z5KAKJ8prqv400ikIUJl60WsXkklNH5BpV\nKEXPdPy8DI5a9JKnyFvWRQPRwGTE6ZVugg+FuG5/KLDFp9i1Ri+sqI1tN3V67Z5G\nXrcaaZdpb2jQ9FwPuD9mi2BsOF0lYDzvmgNIq/ny7rsep4hzRrgtb48OCZg0tmqr\n6TWxER/iUAjVo3/nq7Os4qi/J/vghqRn4ZJMajPa0EJ8JdXR9Vd/xSa4rXSlLdj7\nbfJh4O+2UpziAnUD3sMD9jOK5h3rY5eGPimOqRdCOYULj5M5vVYqpDtwY6BbAP0M\nhDq25HOLCYPNjfffKzi1hkTk1YKJsFnQCMsR7mZ16HFX/2N4OsLML1gC2+SqyUet\nKd4aIR0srX2+RmoupS3G90JlI4D2V6W8qQrguyqHNc0aLq3g4uPiFqD1e4wWCGJf\n6bqIfIrgVEM9SzWQFjTxwDTaWDgTH1xO19fxBkIMp/ADRgcNQdk+5f7y3YvudB4z\nmERElMkUqHAACcE/pA6LhsON2zAXrtT4X+Wmx+ZrnpRUKEEHAytm3ABdyxIPgbMH\nAMCEAQT9rt1l4ClzK/e70UeZSJ7D1pIoaUqCCLLlrCnHphgxvIrV5sRmiYaxgsCu\n5D0AAAc4BSK2awUitmsAAAAHc3NoLXJzYQAAAgEAssJVSfak2tBPbMAJqZftvy/y\nS6nZorOQ1fGGU6pM4j1E/KOcyk4guLPniZjtLSV0hKkeW0z5KAKJ8prqv400ikIU\nJl60WsXkklNH5BpVKEXPdPy8DI5a9JKnyFvWRQPRwGTE6ZVugg+FuG5/KLDFp9i1\nRi+sqI1tN3V67Z5GXrcaaZdpb2jQ9FwPuD9mi2BsOF0lYDzvmgNIq/ny7rsep4hz\nRrgtb48OCZg0tmqr6TWxER/iUAjVo3/nq7Os4qi/J/vghqRn4ZJMajPa0EJ8JdXR\n9Vd/xSa4rXSlLdj7bfJh4O+2UpziAnUD3sMD9jOK5h3rY5eGPimOqRdCOYULj5M5\nvVYqpDtwY6BbAP0MhDq25HOLCYPNjfffKzi1hkTk1YKJsFnQCMsR7mZ16HFX/2N4\nOsLML1gC2+SqyUetKd4aIR0srX2+RmoupS3G90JlI4D2V6W8qQrguyqHNc0aLq3g\n4uPiFqD1e4wWCGJf6bqIfIrgVEM9SzWQFjTxwDTaWDgTH1xO19fxBkIMp/ADRgcN\nQdk+5f7y3YvudB4zmERElMkUqHAACcE/pA6LhsON2zAXrtT4X+Wmx+ZrnpRUKEEH\nAytm3ABdyxIPgbMHAMCEAQT9rt1l4ClzK/e70UeZSJ7D1pIoaUqCCLLlrCnHphgx\nvIrV5sRmiYaxgsCu5D0AAAADAQABAAACAA8TUowNT/PgM4KRY384/+Tqzz1QUrlk\n+WcBmnl92EQQNLw1tChflGTfTzyMeBwhl4UEmjnK8QxNwoKCTB/hcbfjQL3HqOAq\n5k7s1RhInDvsP0W3dsh8TPFpWNsN27EwVEUsemrUnmA7nORj9TdiSRkRrp//r0j7\nvGU79CUL/xVHzeNv0IWDynOBPBYmyqggdp/+QwOtv+s2Ma/HQZSelUQ9vrMNH0/U\nObPXcUKdFmhxjcBK9xQW2qWSSOBzI7Zt0sk1dccFIHmmk+k0/FQp9zxdnvpY6b6f\nuF1wg+ms7e9kzJpivPaUon7gjXYA7lmaGTG0/kAE7F5btNtPydb+AG50MAHisXwO\nuxZbcTetfVoOzk9oHg65K6A2sc85BRso3ybROtuRX93mvGOG+74lUc9HXujMuBxM\n1maeG8DDCe8+tiFs6WWtDjEUaxn8LwqD+GFW/5AtnnQsREri3w+ennPSAsMM87DS\ni8LK5SgpKUM5GT42TLB3f8lGsvjDP7F3LhsYdZzscsRWZkwLcWrO0u1rLHuVXLbU\ny/C4GgMPv6iJl889MHdhSjN0U9HW62d4ThNHEn3svuWzcIBFhL1TuAviPmRmGqVl\n9MjobbbBlB5+aIirtvwqzntzXLBJZ4qbhdsB2voesaCyYqOMNNZe4927b3DyTDh7\nBxmGlpwtFsIhAAABADhyYs/YwtssPzJhgBnypBERb1IiNdyuhGL78mePMAxmwDAQ\nkrwwTVyQEAqiyyNZSpFFg8/TnZtNPmLa4rvEbJspnK+/Ldad8AqCPc2SN7ScbabN\nyOM79sAG33lrLfN/PWdBjnfxAH8yhNEHnKE5uZ43FXmL4e/J4KWeWHrevgps/w1J\netwfdpXK8/lZZP2kibN1AKniud8NqRB21tOw1KBOQBwGcSy+n85MQ8E2KhBNHojs\n81osFnmtT1UpddUtXaC67h4aMh6coqgsLSw7F94+QspeGHHcNsDKJLtaSVmJM/4t\nRqQ59s2DftnTH5zJ6e3+nt/FpYTTdJQlHxwXcmMAAAEBAOLpwduE/HMdf7I3p9rC\ne17GNpW69W7zOGlsLiBA2T1kP69IxKq+toR2CM5KMu3pRdoVnW1fVXN75NcGxRUy\neNh0AO8aSmpq1KGxnrYGvUeUcnmRYcpGXKoAW4sIWR8j8cvPDu9guCamvAXjJCFY\nqTn8y8ZrQou7dZhqpM67cj9BOWCi09W2K0wbmZ6iErD7Zs8y5uRJ/iujcO4uQ9wW\nwrCuopPHMFqtjmGOYlh7t0T5VYmJlQDPUvBoZ7KLICycNpRXuO6SLO0NME1pIU/F\njmU6vBa3SqrGsunMMLZiuc+VN60WSH50sbWU6Ew0Wl8MPs4y2FHTL7BCYrxy5huX\nAuUAAAEBAMmsYi4czAoik5cUbZ6+l4LyMqP8gT4bKWaFnMMHrl+hlABKMZEsIHS6\ndGA0vC4puruJ+iBBltOWsS6aHD7z8GbOjhc+x2ElfZzBdvYPHr6Djrxo74DVrUnt\nbZp+4rc43oL/e6+kcTnCb10SGIhKz+62+8cOQP+0kCkbpgGibJTcCY4tTSThK/Wk\nHxFOx9B7VOhgLfFgWsNjLZ8nGYb0Su9TZRO8VANHDZ8uihJ0fOw8ccX4K19O3y4c\n5rWdA/caHEYT0RfGNZn/1QbDaM3W3Y751IFZzdviX1NgmCFZpZ2yhZYbm535ITuQ\nK1bhXvV5ADelS250NGdk7MSWZUMuDnkAAAAAAQID\n-----END OPENSSH PRIVATE KEY-----\n",
            "private_key_pem": "-----BEGIN RSA PRIVATE KEY-----\nMIIJJwIBAAKCAgEAssJVSfak2tBPbMAJqZftvy/yS6nZorOQ1fGGU6pM4j1E/KOc\nyk4guLPniZjtLSV0hKkeW0z5KAKJ8prqv400ikIUJl60WsXkklNH5BpVKEXPdPy8\nDI5a9JKnyFvWRQPRwGTE6ZVugg+FuG5/KLDFp9i1Ri+sqI1tN3V67Z5GXrcaaZdp\nb2jQ9FwPuD9mi2BsOF0lYDzvmgNIq/ny7rsep4hzRrgtb48OCZg0tmqr6TWxER/i\nUAjVo3/nq7Os4qi/J/vghqRn4ZJMajPa0EJ8JdXR9Vd/xSa4rXSlLdj7bfJh4O+2\nUpziAnUD3sMD9jOK5h3rY5eGPimOqRdCOYULj5M5vVYqpDtwY6BbAP0MhDq25HOL\nCYPNjfffKzi1hkTk1YKJsFnQCMsR7mZ16HFX/2N4OsLML1gC2+SqyUetKd4aIR0s\nrX2+RmoupS3G90JlI4D2V6W8qQrguyqHNc0aLq3g4uPiFqD1e4wWCGJf6bqIfIrg\nVEM9SzWQFjTxwDTaWDgTH1xO19fxBkIMp/ADRgcNQdk+5f7y3YvudB4zmERElMkU\nqHAACcE/pA6LhsON2zAXrtT4X+Wmx+ZrnpRUKEEHAytm3ABdyxIPgbMHAMCEAQT9\nrt1l4ClzK/e70UeZSJ7D1pIoaUqCCLLlrCnHphgxvIrV5sRmiYaxgsCu5D0CAwEA\nAQKCAgAPE1KMDU/z4DOCkWN/OP/k6s89UFK5ZPlnAZp5fdhEEDS8NbQoX5Rk3088\njHgcIZeFBJo5yvEMTcKCgkwf4XG340C9x6jgKuZO7NUYSJw77D9Ft3bIfEzxaVjb\nDduxMFRFLHpq1J5gO5zkY/U3YkkZEa6f/69I+7xlO/QlC/8VR83jb9CFg8pzgTwW\nJsqoIHaf/kMDrb/rNjGvx0GUnpVEPb6zDR9P1Dmz13FCnRZocY3ASvcUFtqlkkjg\ncyO2bdLJNXXHBSB5ppPpNPxUKfc8XZ76WOm+n7hdcIPprO3vZMyaYrz2lKJ+4I12\nAO5ZmhkxtP5ABOxeW7TbT8nW/gBudDAB4rF8DrsWW3E3rX1aDs5PaB4OuSugNrHP\nOQUbKN8m0TrbkV/d5rxjhvu+JVHPR17ozLgcTNZmnhvAwwnvPrYhbOllrQ4xFGsZ\n/C8Kg/hhVv+QLZ50LERK4t8Pnp5z0gLDDPOw0ovCyuUoKSlDORk+Nkywd3/JRrL4\nwz+xdy4bGHWc7HLEVmZMC3FqztLtayx7lVy21MvwuBoDD7+oiZfPPTB3YUozdFPR\n1utneE4TRxJ97L7ls3CARYS9U7gL4j5kZhqlZfTI6G22wZQefmiIq7b8Ks57c1yw\nSWeKm4XbAdr6HrGgsmKjjDTWXuPdu29w8kw4ewcZhpacLRbCIQKCAQEA4unB24T8\ncx1/sjen2sJ7XsY2lbr1bvM4aWwuIEDZPWQ/r0jEqr62hHYIzkoy7elF2hWdbV9V\nc3vk1wbFFTJ42HQA7xpKamrUobGetga9R5RyeZFhykZcqgBbiwhZHyPxy88O72C4\nJqa8BeMkIVipOfzLxmtCi7t1mGqkzrtyP0E5YKLT1bYrTBuZnqISsPtmzzLm5En+\nK6Nw7i5D3BbCsK6ik8cwWq2OYY5iWHu3RPlViYmVAM9S8GhnsosgLJw2lFe47pIs\n7Q0wTWkhT8WOZTq8FrdKqsay6cwwtmK5z5U3rRZIfnSxtZToTDRaXww+zjLYUdMv\nsEJivHLmG5cC5QKCAQEAyaxiLhzMCiKTlxRtnr6XgvIyo/yBPhspZoWcwweuX6GU\nAEoxkSwgdLp0YDS8Lim6u4n6IEGW05axLpocPvPwZs6OFz7HYSV9nMF29g8evoOO\nvGjvgNWtSe1tmn7itzjegv97r6RxOcJvXRIYiErP7rb7xw5A/7SQKRumAaJslNwJ\nji1NJOEr9aQfEU7H0HtU6GAt8WBaw2MtnycZhvRK71NlE7xUA0cNny6KEnR87Dxx\nxfgrX07fLhzmtZ0D9xocRhPRF8Y1mf/VBsNozdbdjvnUgVnN2+JfU2CYIVmlnbKF\nlhubnfkhO5ArVuFe9XkAN6VLbnQ0Z2TsxJZlQy4OeQKCAQBwbhI3inTrNLqIuzrY\nEXS/SMbS+YeSKcDRu2A/auI4oOtNFmkbkNMuXq2OSQVjDCooHH2cK5hTWBfS0u/j\nyNZHqXKtBgHJKJWiaDeTSVOPm+X8hiRF7QcM1JCHGuPNoim0KivkP6/+tq6C3ECS\npTN0H+V3sr2OLpvdoTl3lTjOTqr3TrZXNaPOWf6LsxI/ztDp6PauNltRk/HokdPd\nwQlGMcEsJ4214Dij7cCcxu/PpRrUwu6pMBCQParjtDuE3wHMDor66kKIUfiU4no2\n5FPhpHB9cOP2Ke2MGjgoplIaoHytrlTNE1TZ+6X93BLK9W5JDLhSEqmWU85IQUXy\ndahhAoIBACPETdlNxCYcAb7uoY5g0PApUi/hLW69VHdZRPcV2qgdOOlgPzA2+j6Z\nfuA9Gg652eM+0jx8RWqbNCtGq7HCg6VIBs06lhO1mXR+n0F+Zv50yJDDr45S1xvg\nXurijATgsh3bf60j5ezPff6soesyEXSNwVOJRJ/U/yg7PhLWIpm3+H3drOvYf3pe\nNCBWr3tbFDDuNde0NgSnB0VNoupbUxrk2G1Knj/CjzjnARfKzwj6o1bv74lErLI5\n7/TPtw9Q8yi+hPvJbGI2jCpZ57Fx5PNhfX2/VpIjsLJR1Ek94/B249g+Zzf6Ihm1\nNOqAp92zKwWzbBBXzZ90t8UZwzXJ6kkCggEAOHJiz9jC2yw/MmGAGfKkERFvUiI1\n3K6EYvvyZ48wDGbAMBCSvDBNXJAQCqLLI1lKkUWDz9Odm00+Ytriu8Rsmymcr78t\n1p3wCoI9zZI3tJxtps3I4zv2wAbfeWst8389Z0GOd/EAfzKE0QecoTm5njcVeYvh\n78ngpZ5Yet6+Cmz/DUl63B92lcrz+Vlk/aSJs3UAqeK53w2pEHbW07DUoE5AHAZx\nLL6fzkxDwTYqEE0eiOzzWiwWea1PVSl11S1doLruHhoyHpyiqCwtLDsX3j5Cyl4Y\ncdw2wMoku1pJWYkz/i1GpDn2zYN+2dMfnMnp7f6e38WlhNN0lCUfHBdyYw==\n-----END RSA PRIVATE KEY-----\n",
            "private_key_pem_pkcs8": "-----BEGIN PRIVATE KEY-----\nMIIJQQIBADANBgkqhkiG9w0BAQEFAASCCSswggknAgEAAoICAQCywlVJ9qTa0E9s\nwAmpl+2/L/JLqdmis5DV8YZTqkziPUT8o5zKTiC4s+eJmO0tJXSEqR5bTPkoAony\nmuq/jTSKQhQmXrRaxeSSU0fkGlUoRc90/LwMjlr0kqfIW9ZFA9HAZMTplW6CD4W4\nbn8osMWn2LVGL6yojW03dXrtnkZetxppl2lvaND0XA+4P2aLYGw4XSVgPO+aA0ir\n+fLuux6niHNGuC1vjw4JmDS2aqvpNbERH+JQCNWjf+ers6ziqL8n++CGpGfhkkxq\nM9rQQnwl1dH1V3/FJritdKUt2Ptt8mHg77ZSnOICdQPewwP2M4rmHetjl4Y+KY6p\nF0I5hQuPkzm9ViqkO3BjoFsA/QyEOrbkc4sJg82N998rOLWGROTVgomwWdAIyxHu\nZnXocVf/Y3g6wswvWALb5KrJR60p3hohHSytfb5Gai6lLcb3QmUjgPZXpbypCuC7\nKoc1zRoureDi4+IWoPV7jBYIYl/puoh8iuBUQz1LNZAWNPHANNpYOBMfXE7X1/EG\nQgyn8ANGBw1B2T7l/vLdi+50HjOYRESUyRSocAAJwT+kDouGw43bMBeu1Phf5abH\n5muelFQoQQcDK2bcAF3LEg+BswcAwIQBBP2u3WXgKXMr97vRR5lInsPWkihpSoII\nsuWsKcemGDG8itXmxGaJhrGCwK7kPQIDAQABAoICAA8TUowNT/PgM4KRY384/+Tq\nzz1QUrlk+WcBmnl92EQQNLw1tChflGTfTzyMeBwhl4UEmjnK8QxNwoKCTB/hcbfj\nQL3HqOAq5k7s1RhInDvsP0W3dsh8TPFpWNsN27EwVEUsemrUnmA7nORj9TdiSRkR\nrp//r0j7vGU79CUL/xVHzeNv0IWDynOBPBYmyqggdp/+QwOtv+s2Ma/HQZSelUQ9\nvrMNH0/UObPXcUKdFmhxjcBK9xQW2qWSSOBzI7Zt0sk1dccFIHmmk+k0/FQp9zxd\nnvpY6b6fuF1wg+ms7e9kzJpivPaUon7gjXYA7lmaGTG0/kAE7F5btNtPydb+AG50\nMAHisXwOuxZbcTetfVoOzk9oHg65K6A2sc85BRso3ybROtuRX93mvGOG+74lUc9H\nXujMuBxM1maeG8DDCe8+tiFs6WWtDjEUaxn8LwqD+GFW/5AtnnQsREri3w+ennPS\nAsMM87DSi8LK5SgpKUM5GT42TLB3f8lGsvjDP7F3LhsYdZzscsRWZkwLcWrO0u1r\nLHuVXLbUy/C4GgMPv6iJl889MHdhSjN0U9HW62d4ThNHEn3svuWzcIBFhL1TuAvi\nPmRmGqVl9MjobbbBlB5+aIirtvwqzntzXLBJZ4qbhdsB2voesaCyYqOMNNZe4927\nb3DyTDh7BxmGlpwtFsIhAoIBAQDi6cHbhPxzHX+yN6fawntexjaVuvVu8zhpbC4g\nQNk9ZD+vSMSqvraEdgjOSjLt6UXaFZ1tX1Vze+TXBsUVMnjYdADvGkpqatShsZ62\nBr1HlHJ5kWHKRlyqAFuLCFkfI/HLzw7vYLgmprwF4yQhWKk5/MvGa0KLu3WYaqTO\nu3I/QTlgotPVtitMG5meohKw+2bPMubkSf4ro3DuLkPcFsKwrqKTxzBarY5hjmJY\ne7dE+VWJiZUAz1LwaGeyiyAsnDaUV7jukiztDTBNaSFPxY5lOrwWt0qqxrLpzDC2\nYrnPlTetFkh+dLG1lOhMNFpfDD7OMthR0y+wQmK8cuYblwLlAoIBAQDJrGIuHMwK\nIpOXFG2evpeC8jKj/IE+GylmhZzDB65foZQASjGRLCB0unRgNLwuKbq7ifogQZbT\nlrEumhw+8/Bmzo4XPsdhJX2cwXb2Dx6+g468aO+A1a1J7W2afuK3ON6C/3uvpHE5\nwm9dEhiISs/utvvHDkD/tJApG6YBomyU3AmOLU0k4Sv1pB8RTsfQe1ToYC3xYFrD\nYy2fJxmG9ErvU2UTvFQDRw2fLooSdHzsPHHF+CtfTt8uHOa1nQP3GhxGE9EXxjWZ\n/9UGw2jN1t2O+dSBWc3b4l9TYJghWaWdsoWWG5ud+SE7kCtW4V71eQA3pUtudDRn\nZOzElmVDLg55AoIBAHBuEjeKdOs0uoi7OtgRdL9IxtL5h5IpwNG7YD9q4jig600W\naRuQ0y5erY5JBWMMKigcfZwrmFNYF9LS7+PI1kepcq0GAckolaJoN5NJU4+b5fyG\nJEXtBwzUkIca482iKbQqK+Q/r/62roLcQJKlM3Qf5XeyvY4um92hOXeVOM5OqvdO\ntlc1o85Z/ouzEj/O0Ono9q42W1GT8eiR093BCUYxwSwnjbXgOKPtwJzG78+lGtTC\n7qkwEJA9quO0O4TfAcwOivrqQohR+JTiejbkU+GkcH1w4/Yp7YwaOCimUhqgfK2u\nVM0TVNn7pf3cEsr1bkkMuFISqZZTzkhBRfJ1qGECggEAI8RN2U3EJhwBvu6hjmDQ\n8ClSL+Etbr1Ud1lE9xXaqB046WA/MDb6Ppl+4D0aDrnZ4z7SPHxFaps0K0arscKD\npUgGzTqWE7WZdH6fQX5m/nTIkMOvjlLXG+Be6uKMBOCyHdt/rSPl7M99/qyh6zIR\ndI3BU4lEn9T/KDs+EtYimbf4fd2s69h/el40IFave1sUMO4117Q2BKcHRU2i6ltT\nGuTYbUqeP8KPOOcBF8rPCPqjVu/viUSssjnv9M+3D1DzKL6E+8lsYjaMKlnnsXHk\n82F9fb9WkiOwslHUST3j8Hbj2D5nN/oiGbU06oCn3bMrBbNsEFfNn3S3xRnDNcnq\nSQKCAQA4cmLP2MLbLD8yYYAZ8qQREW9SIjXcroRi+/JnjzAMZsAwEJK8ME1ckBAK\nossjWUqRRYPP052bTT5i2uK7xGybKZyvvy3WnfAKgj3Nkje0nG2mzcjjO/bABt95\nay3zfz1nQY538QB/MoTRB5yhObmeNxV5i+HvyeClnlh63r4KbP8NSXrcH3aVyvP5\nWWT9pImzdQCp4rnfDakQdtbTsNSgTkAcBnEsvp/OTEPBNioQTR6I7PNaLBZ5rU9V\nKXXVLV2guu4eGjIenKKoLC0sOxfePkLKXhhx3DbAyiS7WklZiTP+LUakOfbNg37Z\n0x+cyent/p7fxaWE03SUJR8cF3Jj\n-----END PRIVATE KEY-----\n",
            "public_key_fingerprint_md5": "e6:e4:9a:05:d0:69:d1:fe:f4:00:95:16:23:31:18:d6",
            "public_key_fingerprint_sha256": "SHA256:K//Rv3OZ3o49Kdx7XcAFar20Ny9FPCTrKo/EE0mTpF0",
            "public_key_openssh": "ssh-rsa AAAAB3NzaC1yc2EAAAADAQABAAACAQCywlVJ9qTa0E9swAmpl+2/L/JLqdmis5DV8YZTqkziPUT8o5zKTiC4s+eJmO0tJXSEqR5bTPkoAonymuq/jTSKQhQmXrRaxeSSU0fkGlUoRc90/LwMjlr0kqfIW9ZFA9HAZMTplW6CD4W4bn8osMWn2LVGL6yojW03dXrtnkZetxppl2lvaND0XA+4P2aLYGw4XSVgPO+aA0ir+fLuux6niHNGuC1vjw4JmDS2aqvpNbERH+JQCNWjf+ers6ziqL8n++CGpGfhkkxqM9rQQnwl1dH1V3/FJritdKUt2Ptt8mHg77ZSnOICdQPewwP2M4rmHetjl4Y+KY6pF0I5hQuPkzm9ViqkO3BjoFsA/QyEOrbkc4sJg82N998rOLWGROTVgomwWdAIyxHuZnXocVf/Y3g6wswvWALb5KrJR60p3hohHSytfb5Gai6lLcb3QmUjgPZXpbypCuC7Koc1zRoureDi4+IWoPV7jBYIYl/puoh8iuBUQz1LNZAWNPHANNpYOBMfXE7X1/EGQgyn8ANGBw1B2T7l/vLdi+50HjOYRESUyRSocAAJwT+kDouGw43bMBeu1Phf5abH5muelFQoQQcDK2bcAF3LEg+BswcAwIQBBP2u3WXgKXMr97vRR5lInsPWkihpSoIIsuWsKcemGDG8itXmxGaJhrGCwK7kPQ==\n",
            "public_key_pem": "-----BEGIN PUBLIC KEY-----\nMIICIjANBgkqhkiG9w0BAQEFAAOCAg8AMIICCgKCAgEAssJVSfak2tBPbMAJqZft\nvy/yS6nZorOQ1fGGU6pM4j1E/KOcyk4guLPniZjtLSV0hKkeW0z5KAKJ8prqv400\nikIUJl60WsXkklNH5BpVKEXPdPy8DI5a9JKnyFvWRQPRwGTE6ZVugg+FuG5/KLDF\np9i1Ri+sqI1tN3V67Z5GXrcaaZdpb2jQ9FwPuD9mi2BsOF0lYDzvmgNIq/ny7rse\np4hzRrgtb48OCZg0tmqr6TWxER/iUAjVo3/nq7Os4qi/J/vghqRn4ZJMajPa0EJ8\nJdXR9Vd/xSa4rXSlLdj7bfJh4O+2UpziAnUD3sMD9jOK5h3rY5eGPimOqRdCOYUL\nj5M5vVYqpDtwY6BbAP0MhDq25HOLCYPNjfffKzi1hkTk1YKJsFnQCMsR7mZ16HFX\n/2N4OsLML1gC2+SqyUetKd4aIR0srX2+RmoupS3G90JlI4D2V6W8qQrguyqHNc0a\nLq3g4uPiFqD1e4wWCGJf6bqIfIrgVEM9SzWQFjTxwDTaWDgTH1xO19fxBkIMp/AD\nRgcNQdk+5f7y3YvudB4zmERElMkUqHAACcE/pA6LhsON2zAXrtT4X+Wmx+ZrnpRU\nKEEHAytm3ABdyxIPgbMHAMCEAQT9rt1l4ClzK/e70UeZSJ7D1pIoaUqCCLLlrCnH\nphgxvIrV5sRmiYaxgsCu5D0CAwEAAQ==\n-----END PUBLIC KEY-----\n",
            "rsa_bits": 4096
          },
          "sensitive_attributes": []
        }
      ]
    },
    {
      "module": "module.aws-rds",
      "mode": "managed",
      "type": "aws_db_instance",
      "name": "db_cluster",
      "provider": "provider[\"registry.terraform.io/hashicorp/aws\"]",
      "instances": [
        {
          "index_key": 0,
          "schema_version": 1,
          "attributes": {
            "address": "infracloud-test.cng9fp2blywh.eu-west-2.rds.amazonaws.com",
            "allocated_storage": 10,
            "allow_major_version_upgrade": null,
            "apply_immediately": null,
            "arn": "arn:aws:rds:eu-west-2:972785599914:db:infracloud-test",
            "auto_minor_version_upgrade": false,
            "availability_zone": "eu-west-2a",
            "backup_retention_period": 7,
            "backup_window": "02:46-03:16",
            "ca_cert_identifier": "rds-ca-2019",
            "character_set_name": "",
            "copy_tags_to_snapshot": false,
            "custom_iam_instance_profile": "",
            "customer_owned_ip_enabled": false,
            "db_name": "Infracloud",
            "db_subnet_group_name": "terraform-20221017031527565100000002",
            "delete_automated_backups": true,
            "deletion_protection": false,
            "domain": "",
            "domain_iam_role_name": "",
            "enabled_cloudwatch_logs_exports": [],
            "endpoint": "infracloud-test.cng9fp2blywh.eu-west-2.rds.amazonaws.com:5432",
            "engine": "postgres",
            "engine_version": "13.7",
            "engine_version_actual": "13.7",
            "final_snapshot_identifier": "rds-Infracloud-test-snapshot",
            "hosted_zone_id": "Z1TTGA775OQIYO",
            "iam_database_authentication_enabled": false,
            "id": "infracloud-test",
            "identifier": "infracloud-test",
            "identifier_prefix": "",
            "instance_class": "db.t3.micro",
            "iops": 0,
            "kms_key_id": "",
            "latest_restorable_time": "2022-10-17T03:44:30Z",
            "license_model": "postgresql-license",
            "maintenance_window": "sun:22:26-sun:22:56",
            "max_allocated_storage": 0,
            "monitoring_interval": 0,
            "monitoring_role_arn": "",
            "multi_az": false,
            "name": "Infracloud",
            "nchar_character_set_name": "",
            "network_type": "IPV4",
            "option_group_name": "default:postgres-13",
            "parameter_group_name": "terraform-20221017031512302700000001",
            "password": "CQMDdERQBmUAM0An4PupZ24PO",
            "performance_insights_enabled": false,
            "performance_insights_kms_key_id": "",
            "performance_insights_retention_period": 0,
            "port": 5432,
            "publicly_accessible": false,
            "replica_mode": "",
            "replicas": [],
            "replicate_source_db": "",
            "resource_id": "db-CS2PK6FD5ZKLETFRQUORRDWMWE",
            "restore_to_point_in_time": [],
            "s3_import": [],
            "security_group_names": [],
            "skip_final_snapshot": false,
            "snapshot_identifier": null,
            "status": "available",
            "storage_encrypted": false,
            "storage_type": "gp2",
            "tags": {
              "Name": "Infracloud-test-rds",
              "Owner": "Ajay"
            },
            "tags_all": {
              "Name": "Infracloud-test-rds",
              "Owner": "Ajay"
            },
            "timeouts": null,
            "timezone": "",
            "username": "root",
            "vpc_security_group_ids": [
              "sg-01381949a21dd7d64"
            ]
          },
          "sensitive_attributes": [],
          "private": "eyJlMmJmYjczMC1lY2FhLTExZTYtOGY4OC0zNDM2M2JjN2M0YzAiOnsiY3JlYXRlIjoyNDAwMDAwMDAwMDAwLCJkZWxldGUiOjM2MDAwMDAwMDAwMDAsInVwZGF0ZSI6NDgwMDAwMDAwMDAwMH0sInNjaGVtYV92ZXJzaW9uIjoiMSJ9",
          "dependencies": [
            "data.aws_availability_zones.available",
            "module.aws-rds.aws_db_parameter_group.db_parameter_group",
            "module.aws-rds.aws_db_subnet_group.db_subnet_group",
            "module.aws-rds.aws_security_group.rds_security_group",
            "module.vpc.aws_subnet.subnets-private",
            "module.vpc.aws_vpc.vpc",
            "module.vpc.data.aws_availability_zones.available"
          ]
        }
      ]
    },
    {
      "module": "module.aws-rds",
      "mode": "managed",
      "type": "aws_db_parameter_group",
      "name": "db_parameter_group",
      "provider": "provider[\"registry.terraform.io/hashicorp/aws\"]",
      "instances": [
        {
          "schema_version": 0,
          "attributes": {
            "arn": "arn:aws:rds:eu-west-2:972785599914:pg:terraform-20221017031512302700000001",
            "description": "Managed by Terraform",
            "family": "postgres13",
            "id": "terraform-20221017031512302700000001",
            "name": "terraform-20221017031512302700000001",
            "name_prefix": null,
            "parameter": [],
            "tags": {
              "Name": "Infracloud-test-dbparametergroup",
              "Owner": "Ajay"
            },
            "tags_all": {
              "Name": "Infracloud-test-dbparametergroup",
              "Owner": "Ajay"
            }
          },
          "sensitive_attributes": [],
          "private": "bnVsbA=="
        }
      ]
    },
    {
      "module": "module.aws-rds",
      "mode": "managed",
      "type": "aws_db_subnet_group",
      "name": "db_subnet_group",
      "provider": "provider[\"registry.terraform.io/hashicorp/aws\"]",
      "instances": [
        {
          "schema_version": 0,
          "attributes": {
            "arn": "arn:aws:rds:eu-west-2:972785599914:subgrp:terraform-20221017031527565100000002",
            "description": "Managed by Terraform",
            "id": "terraform-20221017031527565100000002",
            "name": "terraform-20221017031527565100000002",
            "name_prefix": "terraform-",
            "subnet_ids": [
              "subnet-033fbf6cdc05dcd1c",
              "subnet-037ffc2c84fe2ccc3",
              "subnet-0af6657dc3ad5adbb"
            ],
            "supported_network_types": [
              "IPV4"
            ],
            "tags": {
              "Name": "Infracloud-test-dbsubnetgroup",
              "Owner": "Ajay"
            },
            "tags_all": {
              "Name": "Infracloud-test-dbsubnetgroup",
              "Owner": "Ajay"
            }
          },
          "sensitive_attributes": [],
          "private": "bnVsbA==",
          "dependencies": [
            "data.aws_availability_zones.available",
            "module.vpc.aws_subnet.subnets-private",
            "module.vpc.aws_vpc.vpc",
            "module.vpc.data.aws_availability_zones.available"
          ]
        }
      ]
    },
    {
      "module": "module.aws-rds",
      "mode": "managed",
      "type": "aws_security_group",
      "name": "rds_security_group",
      "provider": "provider[\"registry.terraform.io/hashicorp/aws\"]",
      "instances": [
        {
          "schema_version": 1,
          "attributes": {
            "arn": "arn:aws:ec2:eu-west-2:972785599914:security-group/sg-01381949a21dd7d64",
            "description": "Managed by Terraform",
            "egress": [
              {
                "cidr_blocks": [
                  "0.0.0.0/0"
                ],
                "description": "",
                "from_port": 0,
                "ipv6_cidr_blocks": [],
                "prefix_list_ids": [],
                "protocol": "-1",
                "security_groups": [],
                "self": false,
                "to_port": 0
              }
            ],
            "id": "sg-01381949a21dd7d64",
            "ingress": [
              {
                "cidr_blocks": [
                  "35.176.110.242/32",
                  "10.0.0.0/16"
                ],
                "description": "",
                "from_port": 5432,
                "ipv6_cidr_blocks": [],
                "prefix_list_ids": [],
                "protocol": "tcp",
                "security_groups": [
                  "sg-03e3b04e765d7006f"
                ],
                "self": false,
                "to_port": 5432
              }
            ],
            "name": "Infracloud-test-rds-security-group",
            "name_prefix": "",
            "owner_id": "972785599914",
            "revoke_rules_on_delete": false,
            "tags": {
              "Name": "Infracloud-test-rds-security-group",
              "Owner": "Ajay"
            },
            "tags_all": {
              "Name": "Infracloud-test-rds-security-group",
              "Owner": "Ajay"
            },
            "timeouts": null,
            "vpc_id": "vpc-0a2fc0f78ac4c8d82"
          },
          "sensitive_attributes": [],
          "private": "eyJlMmJmYjczMC1lY2FhLTExZTYtOGY4OC0zNDM2M2JjN2M0YzAiOnsiY3JlYXRlIjo2MDAwMDAwMDAwMDAsImRlbGV0ZSI6OTAwMDAwMDAwMDAwfSwic2NoZW1hX3ZlcnNpb24iOiIxIn0=",
          "dependencies": [
            "module.vpc.aws_vpc.vpc"
          ]
        }
      ]
    },
    {
      "module": "module.aws-rds",
      "mode": "managed",
      "type": "aws_security_group_rule",
      "name": "allow-database-all-ingress",
      "provider": "provider[\"registry.terraform.io/hashicorp/aws\"]",
      "instances": [
        {
          "schema_version": 2,
          "attributes": {
            "cidr_blocks": [
              "35.176.110.242/32",
              "10.0.0.0/16"
            ],
            "description": "",
            "from_port": 5432,
            "id": "sgrule-855432350",
            "ipv6_cidr_blocks": null,
            "prefix_list_ids": null,
            "protocol": "tcp",
            "security_group_id": "sg-01381949a21dd7d64",
            "self": false,
            "source_security_group_id": null,
            "timeouts": null,
            "to_port": 5432,
            "type": "ingress"
          },
          "sensitive_attributes": [],
          "private": "eyJlMmJmYjczMC1lY2FhLTExZTYtOGY4OC0zNDM2M2JjN2M0YzAiOnsiY3JlYXRlIjozMDAwMDAwMDAwMDB9LCJzY2hlbWFfdmVyc2lvbiI6IjIifQ==",
          "dependencies": [
            "data.aws_availability_zones.available",
            "module.aws-rds.aws_security_group.rds_security_group",
            "module.vpc.aws_eip.nat-eip",
            "module.vpc.aws_nat_gateway.nat-gateway",
            "module.vpc.aws_subnet.subnets-public",
            "module.vpc.aws_vpc.vpc",
            "module.vpc.data.aws_availability_zones.available"
          ]
        }
      ]
    },
    {
      "module": "module.aws-rds",
      "mode": "managed",
      "type": "aws_security_group_rule",
      "name": "allow-database-from-ec2",
      "provider": "provider[\"registry.terraform.io/hashicorp/aws\"]",
      "instances": [
        {
          "schema_version": 2,
          "attributes": {
            "cidr_blocks": null,
            "description": "",
            "from_port": 5432,
            "id": "sgrule-2226867337",
            "ipv6_cidr_blocks": null,
            "prefix_list_ids": null,
            "protocol": "tcp",
            "security_group_id": "sg-01381949a21dd7d64",
            "self": false,
            "source_security_group_id": "sg-03e3b04e765d7006f",
            "timeouts": null,
            "to_port": 5432,
            "type": "ingress"
          },
          "sensitive_attributes": [],
          "private": "eyJlMmJmYjczMC1lY2FhLTExZTYtOGY4OC0zNDM2M2JjN2M0YzAiOnsiY3JlYXRlIjozMDAwMDAwMDAwMDB9LCJzY2hlbWFfdmVyc2lvbiI6IjIifQ==",
          "dependencies": [
            "module.aws-rds.aws_security_group.rds_security_group",
            "module.ec2.aws_security_group.sg",
            "module.vpc.aws_vpc.vpc"
          ]
        }
      ]
    },
    {
      "module": "module.aws-rds",
      "mode": "managed",
      "type": "aws_security_group_rule",
      "name": "allow-outgoing-connections",
      "provider": "provider[\"registry.terraform.io/hashicorp/aws\"]",
      "instances": [
        {
          "schema_version": 2,
          "attributes": {
            "cidr_blocks": [
              "0.0.0.0/0"
            ],
            "description": "",
            "from_port": 0,
            "id": "sgrule-835849246",
            "ipv6_cidr_blocks": null,
            "prefix_list_ids": null,
            "protocol": "-1",
            "security_group_id": "sg-01381949a21dd7d64",
            "self": false,
            "source_security_group_id": null,
            "timeouts": null,
            "to_port": 0,
            "type": "egress"
          },
          "sensitive_attributes": [],
          "private": "eyJlMmJmYjczMC1lY2FhLTExZTYtOGY4OC0zNDM2M2JjN2M0YzAiOnsiY3JlYXRlIjozMDAwMDAwMDAwMDB9LCJzY2hlbWFfdmVyc2lvbiI6IjIifQ==",
          "dependencies": [
            "module.aws-rds.aws_security_group.rds_security_group",
            "module.vpc.aws_vpc.vpc"
          ]
        }
      ]
    },
    {
      "module": "module.ec2",
      "mode": "managed",
      "type": "aws_instance",
      "name": "instance",
      "provider": "provider[\"registry.terraform.io/hashicorp/aws\"]",
      "instances": [
        {
          "index_key": 0,
          "schema_version": 1,
          "attributes": {
            "ami": "ami-06672d07f62285d1d",
            "arn": "arn:aws:ec2:eu-west-2:972785599914:instance/i-0f3218d4b8aad3c15",
            "associate_public_ip_address": true,
            "availability_zone": "eu-west-2a",
            "capacity_reservation_specification": [
              {
                "capacity_reservation_preference": "open",
                "capacity_reservation_target": []
              }
            ],
            "cpu_core_count": 1,
            "cpu_threads_per_core": 2,
            "credit_specification": [
              {
                "cpu_credits": "standard"
              }
            ],
            "disable_api_stop": false,
            "disable_api_termination": false,
            "ebs_block_device": [],
            "ebs_optimized": true,
            "enclave_options": [
              {
                "enabled": false
              }
            ],
            "ephemeral_block_device": [],
            "get_password_data": false,
            "hibernation": false,
            "host_id": null,
            "host_resource_group_arn": null,
            "iam_instance_profile": "",
            "id": "i-0f3218d4b8aad3c15",
            "instance_initiated_shutdown_behavior": "stop",
            "instance_state": "running",
            "instance_type": "t3.micro",
            "ipv6_address_count": 0,
            "ipv6_addresses": [],
            "key_name": "Infracloud-test-key",
            "launch_template": [],
            "maintenance_options": [
              {
                "auto_recovery": "default"
              }
            ],
            "metadata_options": [
              {
                "http_endpoint": "enabled",
                "http_put_response_hop_limit": 1,
                "http_tokens": "optional",
                "instance_metadata_tags": "disabled"
              }
            ],
            "monitoring": false,
            "network_interface": [],
            "outpost_arn": "",
            "password_data": "",
            "placement_group": "",
            "placement_partition_number": null,
            "primary_network_interface_id": "eni-010c1749fba4cb608",
            "private_dns": "ip-10-0-100-177.eu-west-2.compute.internal",
            "private_dns_name_options": [
              {
                "enable_resource_name_dns_a_record": false,
                "enable_resource_name_dns_aaaa_record": false,
                "hostname_type": "ip-name"
              }
            ],
            "private_ip": "10.0.100.177",
            "public_dns": "ec2-52-56-85-219.eu-west-2.compute.amazonaws.com",
            "public_ip": "52.56.85.219",
            "root_block_device": [
              {
                "delete_on_termination": true,
                "device_name": "/dev/xvda",
                "encrypted": false,
                "iops": 100,
                "kms_key_id": "",
                "tags": {},
                "throughput": 0,
                "volume_id": "vol-0775d901bfffce09b",
                "volume_size": 10,
                "volume_type": "gp2"
              }
            ],
            "secondary_private_ips": [],
            "security_groups": [],
            "source_dest_check": true,
            "subnet_id": "subnet-0107760145951bdb9",
            "tags": {
              "Name": "ec2-Infracloud-test-0",
              "Owner": "Ajay"
            },
            "tags_all": {
              "Name": "ec2-Infracloud-test-0",
              "Owner": "Ajay"
            },
            "tenancy": "default",
            "timeouts": null,
            "user_data": null,
            "user_data_base64": null,
            "user_data_replace_on_change": false,
            "volume_tags": null,
            "vpc_security_group_ids": [
              "sg-03e3b04e765d7006f"
            ]
          },
          "sensitive_attributes": [],
          "private": "eyJlMmJmYjczMC1lY2FhLTExZTYtOGY4OC0zNDM2M2JjN2M0YzAiOnsiY3JlYXRlIjo2MDAwMDAwMDAwMDAsImRlbGV0ZSI6MTIwMDAwMDAwMDAwMCwidXBkYXRlIjo2MDAwMDAwMDAwMDB9LCJzY2hlbWFfdmVyc2lvbiI6IjEifQ==",
          "dependencies": [
            "aws_key_pair.ssh_key",
            "data.aws_availability_zones.available",
            "module.ec2.aws_security_group.sg",
            "module.vpc.aws_subnet.subnets-public",
            "module.vpc.aws_vpc.vpc",
            "module.vpc.data.aws_availability_zones.available",
            "tls_private_key.ssh_key"
          ]
        }
      ]
    },
    {
      "module": "module.ec2",
      "mode": "managed",
      "type": "aws_security_group",
      "name": "sg",
      "provider": "provider[\"registry.terraform.io/hashicorp/aws\"]",
      "instances": [
        {
          "schema_version": 1,
          "attributes": {
            "arn": "arn:aws:ec2:eu-west-2:972785599914:security-group/sg-03e3b04e765d7006f",
            "description": "Managed by Terraform",
            "egress": [
              {
                "cidr_blocks": [
                  "0.0.0.0/0"
                ],
                "description": "",
                "from_port": 0,
                "ipv6_cidr_blocks": [],
                "prefix_list_ids": [],
                "protocol": "-1",
                "security_groups": [],
                "self": false,
                "to_port": 0
              }
            ],
            "id": "sg-03e3b04e765d7006f",
            "ingress": [
              {
                "cidr_blocks": [
                  "0.0.0.0/0"
                ],
                "description": "",
                "from_port": 22,
                "ipv6_cidr_blocks": [],
                "prefix_list_ids": [],
                "protocol": "tcp",
                "security_groups": [],
                "self": false,
                "to_port": 22
              },
              {
                "cidr_blocks": [
                  "35.176.110.242/32",
                  "10.0.0.0/16",
                  "53.216.12.222/32",
                  "121.22.12.3/32"
                ],
                "description": "",
                "from_port": 22,
                "ipv6_cidr_blocks": [],
                "prefix_list_ids": [],
                "protocol": "tcp",
                "security_groups": [],
                "self": false,
                "to_port": 22
              }
            ],
            "name": "Infracloud-test-ec2-securitygroup",
            "name_prefix": "",
            "owner_id": "972785599914",
            "revoke_rules_on_delete": false,
            "tags": {
              "Name": "Infracloud-test-ec2-securitygroup",
              "Owner": "Ajay"
            },
            "tags_all": {
              "Name": "Infracloud-test-ec2-securitygroup",
              "Owner": "Ajay"
            },
            "timeouts": null,
            "vpc_id": "vpc-0a2fc0f78ac4c8d82"
          },
          "sensitive_attributes": [],
          "private": "eyJlMmJmYjczMC1lY2FhLTExZTYtOGY4OC0zNDM2M2JjN2M0YzAiOnsiY3JlYXRlIjo2MDAwMDAwMDAwMDAsImRlbGV0ZSI6OTAwMDAwMDAwMDAwfSwic2NoZW1hX3ZlcnNpb24iOiIxIn0=",
          "dependencies": [
            "module.vpc.aws_vpc.vpc"
          ]
        }
      ]
    },
    {
      "module": "module.ec2",
      "mode": "managed",
      "type": "aws_security_group_rule",
      "name": "allow-outgoing-connections",
      "provider": "provider[\"registry.terraform.io/hashicorp/aws\"]",
      "instances": [
        {
          "schema_version": 2,
          "attributes": {
            "cidr_blocks": [
              "0.0.0.0/0"
            ],
            "description": "",
            "from_port": 0,
            "id": "sgrule-126609002",
            "ipv6_cidr_blocks": null,
            "prefix_list_ids": null,
            "protocol": "-1",
            "security_group_id": "sg-03e3b04e765d7006f",
            "self": false,
            "source_security_group_id": null,
            "timeouts": null,
            "to_port": 0,
            "type": "egress"
          },
          "sensitive_attributes": [],
          "private": "eyJlMmJmYjczMC1lY2FhLTExZTYtOGY4OC0zNDM2M2JjN2M0YzAiOnsiY3JlYXRlIjozMDAwMDAwMDAwMDB9LCJzY2hlbWFfdmVyc2lvbiI6IjIifQ==",
          "dependencies": [
            "module.ec2.aws_security_group.sg",
            "module.vpc.aws_vpc.vpc"
          ]
        }
      ]
    },
    {
      "module": "module.ec2",
      "mode": "managed",
      "type": "aws_security_group_rule",
      "name": "allow-ssh-connections",
      "provider": "provider[\"registry.terraform.io/hashicorp/aws\"]",
      "instances": [
        {
          "schema_version": 2,
          "attributes": {
            "cidr_blocks": [
              "35.176.110.242/32",
              "10.0.0.0/16",
              "53.216.12.222/32",
              "121.22.12.3/32",
              "0.0.0.0/0"
            ],
            "description": "",
            "from_port": 22,
            "id": "sgrule-2688354574",
            "ipv6_cidr_blocks": null,
            "prefix_list_ids": null,
            "protocol": "tcp",
            "security_group_id": "sg-03e3b04e765d7006f",
            "self": false,
            "source_security_group_id": null,
            "timeouts": null,
            "to_port": 22,
            "type": "ingress"
          },
          "sensitive_attributes": [],
          "private": "eyJlMmJmYjczMC1lY2FhLTExZTYtOGY4OC0zNDM2M2JjN2M0YzAiOnsiY3JlYXRlIjozMDAwMDAwMDAwMDB9LCJzY2hlbWFfdmVyc2lvbiI6IjIifQ==",
          "dependencies": [
            "data.aws_availability_zones.available",
            "module.ec2.aws_security_group.sg",
            "module.vpc.aws_eip.nat-eip",
            "module.vpc.aws_nat_gateway.nat-gateway",
            "module.vpc.aws_subnet.subnets-public",
            "module.vpc.aws_vpc.vpc",
            "module.vpc.data.aws_availability_zones.available"
          ]
        }
      ]
    },
    {
      "module": "module.vpc",
      "mode": "data",
      "type": "aws_availability_zones",
      "name": "available",
      "provider": "provider[\"registry.terraform.io/hashicorp/aws\"]",
      "instances": [
        {
          "schema_version": 0,
          "attributes": {
            "all_availability_zones": null,
            "exclude_names": null,
            "exclude_zone_ids": null,
            "filter": null,
            "group_names": [
              "eu-west-2"
            ],
            "id": "eu-west-2",
            "names": [
              "eu-west-2a",
              "eu-west-2b",
              "eu-west-2c"
            ],
            "state": null,
            "timeouts": null,
            "zone_ids": [
              "euw2-az2",
              "euw2-az3",
              "euw2-az1"
            ]
          },
          "sensitive_attributes": []
        }
      ]
    },
    {
      "module": "module.vpc",
      "mode": "managed",
      "type": "aws_eip",
      "name": "nat-eip",
      "provider": "provider[\"registry.terraform.io/hashicorp/aws\"]",
      "instances": [
        {
          "schema_version": 0,
          "attributes": {
            "address": null,
            "allocation_id": "eipalloc-052582fb65e9d0689",
            "associate_with_private_ip": null,
            "association_id": "eipassoc-04a08c7a2d6e01c59",
            "carrier_ip": "",
            "customer_owned_ip": "",
            "customer_owned_ipv4_pool": "",
            "domain": "vpc",
            "id": "eipalloc-052582fb65e9d0689",
            "instance": "",
            "network_border_group": "eu-west-2",
            "network_interface": "eni-090b075605cdc7f64",
            "private_dns": "ip-10-0-126-85.eu-west-2.compute.internal",
            "private_ip": "10.0.126.85",
            "public_dns": "ec2-35-176-110-242.eu-west-2.compute.amazonaws.com",
            "public_ip": "35.176.110.242",
            "public_ipv4_pool": "amazon",
            "tags": {},
            "tags_all": {},
            "timeouts": null,
            "vpc": true
          },
          "sensitive_attributes": [],
          "private": "eyJlMmJmYjczMC1lY2FhLTExZTYtOGY4OC0zNDM2M2JjN2M0YzAiOnsiZGVsZXRlIjoxODAwMDAwMDAwMDAsInJlYWQiOjkwMDAwMDAwMDAwMCwidXBkYXRlIjozMDAwMDAwMDAwMDB9fQ=="
        }
      ]
    },
    {
      "module": "module.vpc",
      "mode": "managed",
      "type": "aws_internet_gateway",
      "name": "vpc-internetgw",
      "provider": "provider[\"registry.terraform.io/hashicorp/aws\"]",
      "instances": [
        {
          "schema_version": 0,
          "attributes": {
            "arn": "arn:aws:ec2:eu-west-2:972785599914:internet-gateway/igw-037586e45d7e13b9b",
            "id": "igw-037586e45d7e13b9b",
            "owner_id": "972785599914",
            "tags": {
              "Name": "Infracloud-test-igw",
              "Owner": "Ajay"
            },
            "tags_all": {
              "Name": "Infracloud-test-igw",
              "Owner": "Ajay"
            },
            "timeouts": null,
            "vpc_id": "vpc-0a2fc0f78ac4c8d82"
          },
          "sensitive_attributes": [],
          "private": "eyJlMmJmYjczMC1lY2FhLTExZTYtOGY4OC0zNDM2M2JjN2M0YzAiOnsiY3JlYXRlIjoxMjAwMDAwMDAwMDAwLCJkZWxldGUiOjEyMDAwMDAwMDAwMDAsInVwZGF0ZSI6MTIwMDAwMDAwMDAwMH19",
          "dependencies": [
            "module.vpc.aws_vpc.vpc"
          ]
        }
      ]
    },
    {
      "module": "module.vpc",
      "mode": "managed",
      "type": "aws_nat_gateway",
      "name": "nat-gateway",
      "provider": "provider[\"registry.terraform.io/hashicorp/aws\"]",
      "instances": [
        {
          "schema_version": 0,
          "attributes": {
            "allocation_id": "eipalloc-052582fb65e9d0689",
            "connectivity_type": "public",
            "id": "nat-005b4a1e6ccbc919f",
            "network_interface_id": "eni-090b075605cdc7f64",
            "private_ip": "10.0.126.85",
            "public_ip": "35.176.110.242",
            "subnet_id": "subnet-0107760145951bdb9",
            "tags": {
              "Name": "Infracloud-test-nat-gw",
              "Owner": "Ajay"
            },
            "tags_all": {
              "Name": "Infracloud-test-nat-gw",
              "Owner": "Ajay"
            }
          },
          "sensitive_attributes": [],
          "private": "bnVsbA==",
          "dependencies": [
            "data.aws_availability_zones.available",
            "module.vpc.aws_eip.nat-eip",
            "module.vpc.aws_subnet.subnets-public",
            "module.vpc.aws_vpc.vpc",
            "module.vpc.data.aws_availability_zones.available"
          ]
        }
      ]
    },
    {
      "module": "module.vpc",
      "mode": "managed",
      "type": "aws_route_table",
      "name": "route-private",
      "provider": "provider[\"registry.terraform.io/hashicorp/aws\"]",
      "instances": [
        {
          "schema_version": 0,
          "attributes": {
            "arn": "arn:aws:ec2:eu-west-2:972785599914:route-table/rtb-0e917357f853c8c4d",
            "id": "rtb-0e917357f853c8c4d",
            "owner_id": "972785599914",
            "propagating_vgws": [],
            "route": [
              {
                "carrier_gateway_id": "",
                "cidr_block": "0.0.0.0/0",
                "core_network_arn": "",
                "destination_prefix_list_id": "",
                "egress_only_gateway_id": "",
                "gateway_id": "",
                "instance_id": "",
                "ipv6_cidr_block": "",
                "local_gateway_id": "",
                "nat_gateway_id": "nat-005b4a1e6ccbc919f",
                "network_interface_id": "",
                "transit_gateway_id": "",
                "vpc_endpoint_id": "",
                "vpc_peering_connection_id": ""
              }
            ],
            "tags": {
              "Name": "Infracloud-test-private-route",
              "Owner": "Ajay"
            },
            "tags_all": {
              "Name": "Infracloud-test-private-route",
              "Owner": "Ajay"
            },
            "timeouts": null,
            "vpc_id": "vpc-0a2fc0f78ac4c8d82"
          },
          "sensitive_attributes": [],
          "private": "eyJlMmJmYjczMC1lY2FhLTExZTYtOGY4OC0zNDM2M2JjN2M0YzAiOnsiY3JlYXRlIjozMDAwMDAwMDAwMDAsImRlbGV0ZSI6MzAwMDAwMDAwMDAwLCJ1cGRhdGUiOjEyMDAwMDAwMDAwMH19",
          "dependencies": [
            "data.aws_availability_zones.available",
            "module.vpc.aws_eip.nat-eip",
            "module.vpc.aws_nat_gateway.nat-gateway",
            "module.vpc.aws_subnet.subnets-public",
            "module.vpc.aws_vpc.vpc",
            "module.vpc.data.aws_availability_zones.available"
          ]
        }
      ]
    },
    {
      "module": "module.vpc",
      "mode": "managed",
      "type": "aws_route_table",
      "name": "route-public",
      "provider": "provider[\"registry.terraform.io/hashicorp/aws\"]",
      "instances": [
        {
          "schema_version": 0,
          "attributes": {
            "arn": "arn:aws:ec2:eu-west-2:972785599914:route-table/rtb-0e51bf58a02e91f19",
            "id": "rtb-0e51bf58a02e91f19",
            "owner_id": "972785599914",
            "propagating_vgws": [],
            "route": [
              {
                "carrier_gateway_id": "",
                "cidr_block": "0.0.0.0/0",
                "core_network_arn": "",
                "destination_prefix_list_id": "",
                "egress_only_gateway_id": "",
                "gateway_id": "igw-037586e45d7e13b9b",
                "instance_id": "",
                "ipv6_cidr_block": "",
                "local_gateway_id": "",
                "nat_gateway_id": "",
                "network_interface_id": "",
                "transit_gateway_id": "",
                "vpc_endpoint_id": "",
                "vpc_peering_connection_id": ""
              }
            ],
            "tags": {
              "Name": "Infracloud-test-public-route",
              "Owner": "Ajay"
            },
            "tags_all": {
              "Name": "Infracloud-test-public-route",
              "Owner": "Ajay"
            },
            "timeouts": null,
            "vpc_id": "vpc-0a2fc0f78ac4c8d82"
          },
          "sensitive_attributes": [],
          "private": "eyJlMmJmYjczMC1lY2FhLTExZTYtOGY4OC0zNDM2M2JjN2M0YzAiOnsiY3JlYXRlIjozMDAwMDAwMDAwMDAsImRlbGV0ZSI6MzAwMDAwMDAwMDAwLCJ1cGRhdGUiOjEyMDAwMDAwMDAwMH19",
          "dependencies": [
            "module.vpc.aws_internet_gateway.vpc-internetgw",
            "module.vpc.aws_vpc.vpc"
          ]
        }
      ]
    },
    {
      "module": "module.vpc",
      "mode": "managed",
      "type": "aws_route_table_association",
      "name": "rt-association-private",
      "provider": "provider[\"registry.terraform.io/hashicorp/aws\"]",
      "instances": [
        {
          "index_key": 0,
          "schema_version": 0,
          "attributes": {
            "gateway_id": "",
            "id": "rtbassoc-0e22bfa1580e4de05",
            "route_table_id": "rtb-0e917357f853c8c4d",
            "subnet_id": "subnet-037ffc2c84fe2ccc3"
          },
          "sensitive_attributes": [],
          "private": "bnVsbA==",
          "dependencies": [
            "data.aws_availability_zones.available",
            "module.vpc.aws_eip.nat-eip",
            "module.vpc.aws_nat_gateway.nat-gateway",
            "module.vpc.aws_route_table.route-private",
            "module.vpc.aws_subnet.subnets-private",
            "module.vpc.aws_subnet.subnets-public",
            "module.vpc.aws_vpc.vpc",
            "module.vpc.data.aws_availability_zones.available"
          ]
        },
        {
          "index_key": 1,
          "schema_version": 0,
          "attributes": {
            "gateway_id": "",
            "id": "rtbassoc-0b50711a6a3b60f44",
            "route_table_id": "rtb-0e917357f853c8c4d",
            "subnet_id": "subnet-033fbf6cdc05dcd1c"
          },
          "sensitive_attributes": [],
          "private": "bnVsbA==",
          "dependencies": [
            "data.aws_availability_zones.available",
            "module.vpc.aws_eip.nat-eip",
            "module.vpc.aws_nat_gateway.nat-gateway",
            "module.vpc.aws_route_table.route-private",
            "module.vpc.aws_subnet.subnets-private",
            "module.vpc.aws_subnet.subnets-public",
            "module.vpc.aws_vpc.vpc",
            "module.vpc.data.aws_availability_zones.available"
          ]
        },
        {
          "index_key": 2,
          "schema_version": 0,
          "attributes": {
            "gateway_id": "",
            "id": "rtbassoc-0ad4347fe0c875f18",
            "route_table_id": "rtb-0e917357f853c8c4d",
            "subnet_id": "subnet-0af6657dc3ad5adbb"
          },
          "sensitive_attributes": [],
          "private": "bnVsbA==",
          "dependencies": [
            "data.aws_availability_zones.available",
            "module.vpc.aws_eip.nat-eip",
            "module.vpc.aws_nat_gateway.nat-gateway",
            "module.vpc.aws_route_table.route-private",
            "module.vpc.aws_subnet.subnets-private",
            "module.vpc.aws_subnet.subnets-public",
            "module.vpc.aws_vpc.vpc",
            "module.vpc.data.aws_availability_zones.available"
          ]
        }
      ]
    },
    {
      "module": "module.vpc",
      "mode": "managed",
      "type": "aws_route_table_association",
      "name": "rt-association-public",
      "provider": "provider[\"registry.terraform.io/hashicorp/aws\"]",
      "instances": [
        {
          "index_key": 0,
          "schema_version": 0,
          "attributes": {
            "gateway_id": "",
            "id": "rtbassoc-046c76a79605c8937",
            "route_table_id": "rtb-0e51bf58a02e91f19",
            "subnet_id": "subnet-0107760145951bdb9"
          },
          "sensitive_attributes": [],
          "private": "bnVsbA==",
          "dependencies": [
            "data.aws_availability_zones.available",
            "module.vpc.aws_internet_gateway.vpc-internetgw",
            "module.vpc.aws_route_table.route-public",
            "module.vpc.aws_subnet.subnets-public",
            "module.vpc.aws_vpc.vpc",
            "module.vpc.data.aws_availability_zones.available"
          ]
        },
        {
          "index_key": 1,
          "schema_version": 0,
          "attributes": {
            "gateway_id": "",
            "id": "rtbassoc-09e91c4986a0e43ff",
            "route_table_id": "rtb-0e51bf58a02e91f19",
            "subnet_id": "subnet-0d4501e1b1fb1fdde"
          },
          "sensitive_attributes": [],
          "private": "bnVsbA==",
          "dependencies": [
            "data.aws_availability_zones.available",
            "module.vpc.aws_internet_gateway.vpc-internetgw",
            "module.vpc.aws_route_table.route-public",
            "module.vpc.aws_subnet.subnets-public",
            "module.vpc.aws_vpc.vpc",
            "module.vpc.data.aws_availability_zones.available"
          ]
        },
        {
          "index_key": 2,
          "schema_version": 0,
          "attributes": {
            "gateway_id": "",
            "id": "rtbassoc-07632ca0c5c2e86cb",
            "route_table_id": "rtb-0e51bf58a02e91f19",
            "subnet_id": "subnet-0ff331bad2932b62d"
          },
          "sensitive_attributes": [],
          "private": "bnVsbA==",
          "dependencies": [
            "data.aws_availability_zones.available",
            "module.vpc.aws_internet_gateway.vpc-internetgw",
            "module.vpc.aws_route_table.route-public",
            "module.vpc.aws_subnet.subnets-public",
            "module.vpc.aws_vpc.vpc",
            "module.vpc.data.aws_availability_zones.available"
          ]
        }
      ]
    },
    {
      "module": "module.vpc",
      "mode": "managed",
      "type": "aws_subnet",
      "name": "subnets-private",
      "provider": "provider[\"registry.terraform.io/hashicorp/aws\"]",
      "instances": [
        {
          "index_key": 0,
          "schema_version": 1,
          "attributes": {
            "arn": "arn:aws:ec2:eu-west-2:972785599914:subnet/subnet-037ffc2c84fe2ccc3",
            "assign_ipv6_address_on_creation": false,
            "availability_zone": "eu-west-2a",
            "availability_zone_id": "euw2-az2",
            "cidr_block": "10.0.0.0/19",
            "customer_owned_ipv4_pool": "",
            "enable_dns64": false,
            "enable_resource_name_dns_a_record_on_launch": false,
            "enable_resource_name_dns_aaaa_record_on_launch": false,
            "id": "subnet-037ffc2c84fe2ccc3",
            "ipv6_cidr_block": "",
            "ipv6_cidr_block_association_id": "",
            "ipv6_native": false,
            "map_customer_owned_ip_on_launch": false,
            "map_public_ip_on_launch": false,
            "outpost_arn": "",
            "owner_id": "972785599914",
            "private_dns_hostname_type_on_launch": "ip-name",
            "tags": {
              "Name": "Infracloud-test-private-subnet",
              "Owner": "Ajay"
            },
            "tags_all": {
              "Name": "Infracloud-test-private-subnet",
              "Owner": "Ajay"
            },
            "timeouts": null,
            "vpc_id": "vpc-0a2fc0f78ac4c8d82"
          },
          "sensitive_attributes": [],
          "private": "eyJlMmJmYjczMC1lY2FhLTExZTYtOGY4OC0zNDM2M2JjN2M0YzAiOnsiY3JlYXRlIjo2MDAwMDAwMDAwMDAsImRlbGV0ZSI6MTIwMDAwMDAwMDAwMH0sInNjaGVtYV92ZXJzaW9uIjoiMSJ9",
          "dependencies": [
            "data.aws_availability_zones.available",
            "module.vpc.aws_vpc.vpc",
            "module.vpc.data.aws_availability_zones.available"
          ]
        },
        {
          "index_key": 1,
          "schema_version": 1,
          "attributes": {
            "arn": "arn:aws:ec2:eu-west-2:972785599914:subnet/subnet-033fbf6cdc05dcd1c",
            "assign_ipv6_address_on_creation": false,
            "availability_zone": "eu-west-2b",
            "availability_zone_id": "euw2-az3",
            "cidr_block": "10.0.32.0/19",
            "customer_owned_ipv4_pool": "",
            "enable_dns64": false,
            "enable_resource_name_dns_a_record_on_launch": false,
            "enable_resource_name_dns_aaaa_record_on_launch": false,
            "id": "subnet-033fbf6cdc05dcd1c",
            "ipv6_cidr_block": "",
            "ipv6_cidr_block_association_id": "",
            "ipv6_native": false,
            "map_customer_owned_ip_on_launch": false,
            "map_public_ip_on_launch": false,
            "outpost_arn": "",
            "owner_id": "972785599914",
            "private_dns_hostname_type_on_launch": "ip-name",
            "tags": {
              "Name": "Infracloud-test-private-subnet",
              "Owner": "Ajay"
            },
            "tags_all": {
              "Name": "Infracloud-test-private-subnet",
              "Owner": "Ajay"
            },
            "timeouts": null,
            "vpc_id": "vpc-0a2fc0f78ac4c8d82"
          },
          "sensitive_attributes": [],
          "private": "eyJlMmJmYjczMC1lY2FhLTExZTYtOGY4OC0zNDM2M2JjN2M0YzAiOnsiY3JlYXRlIjo2MDAwMDAwMDAwMDAsImRlbGV0ZSI6MTIwMDAwMDAwMDAwMH0sInNjaGVtYV92ZXJzaW9uIjoiMSJ9",
          "dependencies": [
            "data.aws_availability_zones.available",
            "module.vpc.aws_vpc.vpc",
            "module.vpc.data.aws_availability_zones.available"
          ]
        },
        {
          "index_key": 2,
          "schema_version": 1,
          "attributes": {
            "arn": "arn:aws:ec2:eu-west-2:972785599914:subnet/subnet-0af6657dc3ad5adbb",
            "assign_ipv6_address_on_creation": false,
            "availability_zone": "eu-west-2c",
            "availability_zone_id": "euw2-az1",
            "cidr_block": "10.0.64.0/19",
            "customer_owned_ipv4_pool": "",
            "enable_dns64": false,
            "enable_resource_name_dns_a_record_on_launch": false,
            "enable_resource_name_dns_aaaa_record_on_launch": false,
            "id": "subnet-0af6657dc3ad5adbb",
            "ipv6_cidr_block": "",
            "ipv6_cidr_block_association_id": "",
            "ipv6_native": false,
            "map_customer_owned_ip_on_launch": false,
            "map_public_ip_on_launch": false,
            "outpost_arn": "",
            "owner_id": "972785599914",
            "private_dns_hostname_type_on_launch": "ip-name",
            "tags": {
              "Name": "Infracloud-test-private-subnet",
              "Owner": "Ajay"
            },
            "tags_all": {
              "Name": "Infracloud-test-private-subnet",
              "Owner": "Ajay"
            },
            "timeouts": null,
            "vpc_id": "vpc-0a2fc0f78ac4c8d82"
          },
          "sensitive_attributes": [],
          "private": "eyJlMmJmYjczMC1lY2FhLTExZTYtOGY4OC0zNDM2M2JjN2M0YzAiOnsiY3JlYXRlIjo2MDAwMDAwMDAwMDAsImRlbGV0ZSI6MTIwMDAwMDAwMDAwMH0sInNjaGVtYV92ZXJzaW9uIjoiMSJ9",
          "dependencies": [
            "data.aws_availability_zones.available",
            "module.vpc.aws_vpc.vpc",
            "module.vpc.data.aws_availability_zones.available"
          ]
        }
      ]
    },
    {
      "module": "module.vpc",
      "mode": "managed",
      "type": "aws_subnet",
      "name": "subnets-public",
      "provider": "provider[\"registry.terraform.io/hashicorp/aws\"]",
      "instances": [
        {
          "index_key": 0,
          "schema_version": 1,
          "attributes": {
            "arn": "arn:aws:ec2:eu-west-2:972785599914:subnet/subnet-0107760145951bdb9",
            "assign_ipv6_address_on_creation": false,
            "availability_zone": "eu-west-2a",
            "availability_zone_id": "euw2-az2",
            "cidr_block": "10.0.96.0/19",
            "customer_owned_ipv4_pool": "",
            "enable_dns64": false,
            "enable_resource_name_dns_a_record_on_launch": false,
            "enable_resource_name_dns_aaaa_record_on_launch": false,
            "id": "subnet-0107760145951bdb9",
            "ipv6_cidr_block": "",
            "ipv6_cidr_block_association_id": "",
            "ipv6_native": false,
            "map_customer_owned_ip_on_launch": false,
            "map_public_ip_on_launch": false,
            "outpost_arn": "",
            "owner_id": "972785599914",
            "private_dns_hostname_type_on_launch": "ip-name",
            "tags": {
              "Name": "Infracloud-test-public-subnet",
              "Owner": "Ajay"
            },
            "tags_all": {
              "Name": "Infracloud-test-public-subnet",
              "Owner": "Ajay"
            },
            "timeouts": null,
            "vpc_id": "vpc-0a2fc0f78ac4c8d82"
          },
          "sensitive_attributes": [],
          "private": "eyJlMmJmYjczMC1lY2FhLTExZTYtOGY4OC0zNDM2M2JjN2M0YzAiOnsiY3JlYXRlIjo2MDAwMDAwMDAwMDAsImRlbGV0ZSI6MTIwMDAwMDAwMDAwMH0sInNjaGVtYV92ZXJzaW9uIjoiMSJ9",
          "dependencies": [
            "data.aws_availability_zones.available",
            "module.vpc.aws_vpc.vpc",
            "module.vpc.data.aws_availability_zones.available"
          ]
        },
        {
          "index_key": 1,
          "schema_version": 1,
          "attributes": {
            "arn": "arn:aws:ec2:eu-west-2:972785599914:subnet/subnet-0d4501e1b1fb1fdde",
            "assign_ipv6_address_on_creation": false,
            "availability_zone": "eu-west-2b",
            "availability_zone_id": "euw2-az3",
            "cidr_block": "10.0.128.0/19",
            "customer_owned_ipv4_pool": "",
            "enable_dns64": false,
            "enable_resource_name_dns_a_record_on_launch": false,
            "enable_resource_name_dns_aaaa_record_on_launch": false,
            "id": "subnet-0d4501e1b1fb1fdde",
            "ipv6_cidr_block": "",
            "ipv6_cidr_block_association_id": "",
            "ipv6_native": false,
            "map_customer_owned_ip_on_launch": false,
            "map_public_ip_on_launch": false,
            "outpost_arn": "",
            "owner_id": "972785599914",
            "private_dns_hostname_type_on_launch": "ip-name",
            "tags": {
              "Name": "Infracloud-test-public-subnet",
              "Owner": "Ajay"
            },
            "tags_all": {
              "Name": "Infracloud-test-public-subnet",
              "Owner": "Ajay"
            },
            "timeouts": null,
            "vpc_id": "vpc-0a2fc0f78ac4c8d82"
          },
          "sensitive_attributes": [],
          "private": "eyJlMmJmYjczMC1lY2FhLTExZTYtOGY4OC0zNDM2M2JjN2M0YzAiOnsiY3JlYXRlIjo2MDAwMDAwMDAwMDAsImRlbGV0ZSI6MTIwMDAwMDAwMDAwMH0sInNjaGVtYV92ZXJzaW9uIjoiMSJ9",
          "dependencies": [
            "data.aws_availability_zones.available",
            "module.vpc.aws_vpc.vpc",
            "module.vpc.data.aws_availability_zones.available"
          ]
        },
        {
          "index_key": 2,
          "schema_version": 1,
          "attributes": {
            "arn": "arn:aws:ec2:eu-west-2:972785599914:subnet/subnet-0ff331bad2932b62d",
            "assign_ipv6_address_on_creation": false,
            "availability_zone": "eu-west-2c",
            "availability_zone_id": "euw2-az1",
            "cidr_block": "10.0.160.0/19",
            "customer_owned_ipv4_pool": "",
            "enable_dns64": false,
            "enable_resource_name_dns_a_record_on_launch": false,
            "enable_resource_name_dns_aaaa_record_on_launch": false,
            "id": "subnet-0ff331bad2932b62d",
            "ipv6_cidr_block": "",
            "ipv6_cidr_block_association_id": "",
            "ipv6_native": false,
            "map_customer_owned_ip_on_launch": false,
            "map_public_ip_on_launch": false,
            "outpost_arn": "",
            "owner_id": "972785599914",
            "private_dns_hostname_type_on_launch": "ip-name",
            "tags": {
              "Name": "Infracloud-test-public-subnet",
              "Owner": "Ajay"
            },
            "tags_all": {
              "Name": "Infracloud-test-public-subnet",
              "Owner": "Ajay"
            },
            "timeouts": null,
            "vpc_id": "vpc-0a2fc0f78ac4c8d82"
          },
          "sensitive_attributes": [],
          "private": "eyJlMmJmYjczMC1lY2FhLTExZTYtOGY4OC0zNDM2M2JjN2M0YzAiOnsiY3JlYXRlIjo2MDAwMDAwMDAwMDAsImRlbGV0ZSI6MTIwMDAwMDAwMDAwMH0sInNjaGVtYV92ZXJzaW9uIjoiMSJ9",
          "dependencies": [
            "data.aws_availability_zones.available",
            "module.vpc.aws_vpc.vpc",
            "module.vpc.data.aws_availability_zones.available"
          ]
        }
      ]
    },
    {
      "module": "module.vpc",
      "mode": "managed",
      "type": "aws_vpc",
      "name": "vpc",
      "provider": "provider[\"registry.terraform.io/hashicorp/aws\"]",
      "instances": [
        {
          "schema_version": 1,
          "attributes": {
            "arn": "arn:aws:ec2:eu-west-2:972785599914:vpc/vpc-0a2fc0f78ac4c8d82",
            "assign_generated_ipv6_cidr_block": false,
            "cidr_block": "10.0.0.0/16",
            "default_network_acl_id": "acl-0a467c6a38d02d89e",
            "default_route_table_id": "rtb-0e903d22e4d1c6886",
            "default_security_group_id": "sg-0e991c347fbe76c66",
            "dhcp_options_id": "dopt-0ada5363f41ca097b",
            "enable_classiclink": false,
            "enable_classiclink_dns_support": false,
            "enable_dns_hostnames": true,
            "enable_dns_support": true,
            "id": "vpc-0a2fc0f78ac4c8d82",
            "instance_tenancy": "default",
            "ipv4_ipam_pool_id": null,
            "ipv4_netmask_length": null,
            "ipv6_association_id": "",
            "ipv6_cidr_block": "",
            "ipv6_cidr_block_network_border_group": "",
            "ipv6_ipam_pool_id": "",
            "ipv6_netmask_length": 0,
            "main_route_table_id": "rtb-0e903d22e4d1c6886",
            "owner_id": "972785599914",
            "tags": {
              "Name": "Infracloud-test",
              "Owner": "Ajay"
            },
            "tags_all": {
              "Name": "Infracloud-test",
              "Owner": "Ajay"
            }
          },
          "sensitive_attributes": [],
          "private": "eyJzY2hlbWFfdmVyc2lvbiI6IjEifQ=="
        }
      ]
    }
  ],
  "check_results": []
}
