{
  "version": 4,
  "terraform_version": "1.3.2",
  "serial": 716,
  "lineage": "b76c0210-af2f-ce81-ca7d-0a1953207469",
  "outputs": {
    "ec2_instance_ip": {
      "value": [
        "52.56.85.219"
      ],
      "type": [
        "tuple",
        [
          "string"
        ]
      ]
    },
    "private_key": {
      "value": "-----BEGIN RSA PRIVATE KEY-----\nMIIJKAIBAAKCAgEAuKa9pD4IBydMTj8CqhEqkjrSiQwPnkiD+UA9t6mPpET/wsWe\ndaTXQ2R3BS9JjV5mRu3xH6rcWpOSsU31dvNMTcvZLksGWO11wRXJO/ogTfQnsFIP\nNLWxFK4I5+4FVR+FSTFW8lLAxTzogbZzTahwQ7CaNdaQ0Tltl0fdWivIakZiRrke\nmEdnfAfTkhbBG4fX/4qUtqS2wJReY5iu22sDtPxNp6EUdLdXV8N6FKufqAIV4EYi\nLJstVZ2nhmve6GeaHjAtsrDfOlk6Usj43VJWgAB0Qv+NWSrxVIomXOX7Ueux1Z7B\nfphksMNayd9oDNCOkIw+l0v0dq7VY6aV8DQoRThoA8VE5Xe8HbORQ4y9kMGMAjo0\ni7TQTr3T+D89ujG083vrxvf/XzrGI59+ZpM58rtFWC95BvEM9GqHI6W13uMHZAX/\ng5xL/my3oyTHuybuiCpm9S8gabjYbzgv1eCN+P2FkHN6h8nxCEO+TU2SZC/1eO+L\nBZG/CyuW/Z9OiYqfoJ4DZUmZz+I3ctK9zRomxc6c1lAO/NtHVxwXWnPuKSxgMvey\nfChh9Hq36z+j0TjQGWM5CAmRFETTPGoe3Z28U9l43HVLedHShF7rOpUb0Fb7X4lb\nViirXxv3vHNEJebfbDgPhjs05GIsQx/C8EHjW2LsYIVyqlL328Ow6NtaEecCAwEA\nAQKCAgBsMI5G8G2Fu3nTEso92ScHXN3EnMN962EgJorC1N+r0R3GAkIRDg9ulivC\nZu2Cnj/w6TNxaYwIqhS2PEZJds5Letf6bsz+R8vJ4TjyImDRK/AhOENej+J8imf/\ndI+9S2Wt9/HIs8HtDv3wGnW+l6WHk68XQmvBmxNiIyJH1gVsd2bXp1mMwbGZk4Bc\nRWbJ+bMOMCVoSmQlvAj99BTnzPD0Fyxsvk2dAVt0ub0K5W/7YZVtvcoCNr2+P0xL\nz2Jg62r6qyHrZAS3TFaG8OgXzUmPYDS+mLs59pZGAVfu8HVrj1y4HHek9CdzBlNo\nmrR9ZalSekmmHkPTUicHZzDM99JrlBGamAYh2AIEyBj0sptgq193rj12cT+WJ870\nUEvHyxg9yyDsQSK1efhCEu4GHKLUWtLZ9SusLhpyM+sRwPyHGwk37T7IzUHUdneV\nErs1mzk3M4U8dq2q0cJ0313e3gevoUJjO/cVHuBaIX2hrAVSN7+pqka2Q0wh3mg1\nQtuTa3RFK9Lzsdi3ngublszc3aeL9dkWMWDAzE7NhqLVNouHIFSaJz0F1Ol8shr8\nh3SAvFQ0dcnfP7nB2ug5CkMV9K1IJzWdIht4dAFmtp4o1DobYvmS5JQS49A+sMyA\nLQ+u2R/AdTfFUi7XV5PxX5cG8kOa8ZFjaXobbjfFrGC8c9OpcQKCAQEA8mtA4SjK\nrPeaf4e7U8LeNcTL3iBCuH+Jvyhf+LBR7LIot+7py4L9ZR5OVons3WJjbBAsToZG\nyB0KBCCM03p3gQFvVmGVuCpYXbGxmgIpRfMmb2paQpWbWuhJTz3cZaAUuBpVARCy\n/MNbWkgjwtob8Ta4dbGdUNKzDlD6B7W4eemeYFq8xTzNmJXGgEHnABl/UiXmPyya\nkllyYvKt5L/BxmFLHtKDmYma1suFqf4Y7inTZcg0ESHiM7VMt6woHz6AxfbXa5dk\nGJsso2IxM37nou7R6xDId/zY4NhJvL2jTdNUptuJqTmqOKqU3mGBk6wqa1/Cz4Jc\ns3uFGgXBL1eMOQKCAQEAwv79giYovPfa8d0qaOL+t2Dei8eO/UZ8jpR5MXAXtVOx\n5VLnVWnxu9tQbwCCQLgotzjtIViBF9UiBN6l1aZ3TK/tWXF5dg7FIX8pv4SV/Uis\nnTdkutVYQR2Qp2YHggTjTFUPykRUZ7ME1CEXoWFnr3m75XFf0DYC/RDC8za4C192\nW0kSg7UMUqMOPEDz7pg6aqTRlQITsGhwEFz2lCZYi69oMr/XzC2MXvvW84QoYd7Z\ngCRVGmiVuZuDZc4kqk3spZz9zmXb7OzXtzxszSLa5U+CV/uijSxZ1g8WfKGr5L7F\n2GPbiwNv7x+GbkknoUxZtqwLLl1yWTPYEmHEfE7PHwKCAQAWAF33EXizkhVXlb4O\nsBTy1FWcZ1km3Yxm6QcszvPgg5rmdqyJZ+4Pi1yYxhPVU+SqHh2nUtCBwQDztvCR\nEQBfmP293UV1XYJ/nmz8CU4tpw/J9OEUQffDnGlq47ZpEspOmzUzz4wvHJvh6cI1\nIQ6AKfM7207n0velSPwoTvnbNrTFEfcn/4i5XH6TjWelvqqrjf0Dpsywk6WqDVRy\n+mRf2Ny0g26mNLL046vR7dndY7Zn+m+fTm/1OXMpCFrr2wRc8zZB8Y+IHC1E9th4\nUAA97Wbn6rIHEc+tOHQYyS1VFuUL78jirvUgB3tTY44bFPkUnbBUnQRE1eUSo4sQ\n/OUhAoIBAGwiKYUeEiNQs2rCwfzuPGCG6ILNRH8xsmsC7P48cflNE27ffYfBO5t4\ncG9N8e1f8rxAZkfCo7wKplXa/k2vhaLSQKYEJl4QrML5mLYrGV4fChIZINP28X0S\nnyAllW5FtaKj3SDGqaPkA357Z3ZH5M7LjCYdrAtzmE6sF9/17TPpWWIf8JN3OAEv\niPpi7qLWajavdcXTJAYEtHhuhRL8/Mdhmz/hYRNKAvi9YaMjG53CjgzgmQ0PCFCo\na8JuAakrk1r350uo8r+9S5bCfHd5p7fYUqjl02vEN4FcVpUAtqkgHej030+EtXL+\noXbRPJfXFj0VxRGOIpZTCLSQ4PwqW/MCggEBAInjqhhzdEJU0JBR3UGics4ECwmd\nlQGOGqeD+M5LmUdcHRGHolJbkAsUECSnYoJ6OS/QIQt66KTIrCWLyiZ+BY6YXGko\n8BKG8dzfByek5GSIEbsbuNlDyFa8NkgoKe8nln4yjswQeV+9kco2f1dMl5e9z8bP\nPZJg8PX4iGXVdPmaTmRp2uX1ze2kLDjGLoerdQmvjtkGgVbhWbf5DBUQRMfcDZcJ\ngeYgiGhA7vN52zkO04d/3FD38NFWiJFJ4/5SvTgfedzTAHO1KV8ilpzFM8YPEd9q\n6WHR0vKyd33lqGgaLui8H8gI1b3uLm2MBSJYSe8ICTJkDXcHESHOQ/SPdEs=\n-----END RSA PRIVATE KEY-----\n",
      "type": "string",
      "sensitive": true
    },
    "rds_endpoint": {
      "value": [
        "infracloud-test.cng9fp2blywh.eu-west-2.rds.amazonaws.com:5432"
      ],
      "type": [
        "tuple",
        [
          "string"
        ]
      ]
    }
  },
  "resources": [
    {
      "mode": "data",
      "type": "aws_availability_zones",
      "name": "available",
      "provider": "provider[\"registry.terraform.io/hashicorp/aws\"]",
      "instances": [
        {
          "schema_version": 0,
          "attributes": {
            "all_availability_zones": null,
            "exclude_names": null,
            "exclude_zone_ids": null,
            "filter": null,
            "group_names": [
              "eu-west-2"
            ],
            "id": "eu-west-2",
            "names": [
              "eu-west-2a",
              "eu-west-2b",
              "eu-west-2c"
            ],
            "state": null,
            "timeouts": null,
            "zone_ids": [
              "euw2-az2",
              "euw2-az3",
              "euw2-az1"
            ]
          },
          "sensitive_attributes": []
        }
      ]
    },
    {
      "mode": "managed",
      "type": "aws_key_pair",
      "name": "ssh_key",
      "provider": "provider[\"registry.terraform.io/hashicorp/aws\"]",
      "instances": [
        {
          "schema_version": 1,
          "attributes": {
            "arn": "arn:aws:ec2:eu-west-2:972785599914:key-pair/Infracloud-test-key",
            "fingerprint": "49:91:81:12:2c:f8:11:06:a2:72:a8:66:ac:02:eb:95",
            "id": "Infracloud-test-key",
            "key_name": "Infracloud-test-key",
            "key_name_prefix": "",
            "key_pair_id": "key-0a17d76b4180ef56a",
            "key_type": "rsa",
            "public_key": "ssh-rsa AAAAB3NzaC1yc2EAAAADAQABAAACAQC4pr2kPggHJ0xOPwKqESqSOtKJDA+eSIP5QD23qY+kRP/CxZ51pNdDZHcFL0mNXmZG7fEfqtxak5KxTfV280xNy9kuSwZY7XXBFck7+iBN9CewUg80tbEUrgjn7gVVH4VJMVbyUsDFPOiBtnNNqHBDsJo11pDROW2XR91aK8hqRmJGuR6YR2d8B9OSFsEbh9f/ipS2pLbAlF5jmK7bawO0/E2noRR0t1dXw3oUq5+oAhXgRiIsmy1VnaeGa97oZ5oeMC2ysN86WTpSyPjdUlaAAHRC/41ZKvFUiiZc5ftR67HVnsF+mGSww1rJ32gM0I6QjD6XS/R2rtVjppXwNChFOGgDxUTld7wds5FDjL2QwYwCOjSLtNBOvdP4Pz26MbTze+vG9/9fOsYjn35mkznyu0VYL3kG8Qz0aocjpbXe4wdkBf+DnEv+bLejJMe7Ju6IKmb1LyBpuNhvOC/V4I34/YWQc3qHyfEIQ75NTZJkL/V474sFkb8LK5b9n06Jip+gngNlSZnP4jdy0r3NGibFzpzWUA7820dXHBdac+4pLGAy97J8KGH0erfrP6PRONAZYzkICZEURNM8ah7dnbxT2XjcdUt50dKEXus6lRvQVvtfiVtWKKtfG/e8c0Ql5t9sOA+GOzTkYixDH8LwQeNbYuxghXKqUvfbw7Do21oR5w==",
            "tags": null,
            "tags_all": {}
          },
          "sensitive_attributes": [],
          "private": "eyJzY2hlbWFfdmVyc2lvbiI6IjEifQ==",
          "dependencies": [
            "tls_private_key.tls_key"
          ]
        }
      ]
    },
    {
      "mode": "managed",
      "type": "tls_private_key",
      "name": "tls_key",
      "provider": "provider[\"registry.terraform.io/hashicorp/tls\"]",
      "instances": [
        {
          "schema_version": 1,
          "attributes": {
            "algorithm": "RSA",
            "ecdsa_curve": "P224",
            "id": "c29a3e4c6fbd77bdf047a7f90400510a7546d87e",
            "private_key_openssh": "-----BEGIN OPENSSH PRIVATE KEY-----\nb3BlbnNzaC1rZXktdjEAAAAABG5vbmUAAAAEbm9uZQAAAAAAAAABAAACFwAAAAdz\nc2gtcnNhAAAAAwEAAQAAAgEAuKa9pD4IBydMTj8CqhEqkjrSiQwPnkiD+UA9t6mP\npET/wsWedaTXQ2R3BS9JjV5mRu3xH6rcWpOSsU31dvNMTcvZLksGWO11wRXJO/og\nTfQnsFIPNLWxFK4I5+4FVR+FSTFW8lLAxTzogbZzTahwQ7CaNdaQ0Tltl0fdWivI\nakZiRrkemEdnfAfTkhbBG4fX/4qUtqS2wJReY5iu22sDtPxNp6EUdLdXV8N6FKuf\nqAIV4EYiLJstVZ2nhmve6GeaHjAtsrDfOlk6Usj43VJWgAB0Qv+NWSrxVIomXOX7\nUeux1Z7BfphksMNayd9oDNCOkIw+l0v0dq7VY6aV8DQoRThoA8VE5Xe8HbORQ4y9\nkMGMAjo0i7TQTr3T+D89ujG083vrxvf/XzrGI59+ZpM58rtFWC95BvEM9GqHI6W1\n3uMHZAX/g5xL/my3oyTHuybuiCpm9S8gabjYbzgv1eCN+P2FkHN6h8nxCEO+TU2S\nZC/1eO+LBZG/CyuW/Z9OiYqfoJ4DZUmZz+I3ctK9zRomxc6c1lAO/NtHVxwXWnPu\nKSxgMveyfChh9Hq36z+j0TjQGWM5CAmRFETTPGoe3Z28U9l43HVLedHShF7rOpUb\n0Fb7X4lbViirXxv3vHNEJebfbDgPhjs05GIsQx/C8EHjW2LsYIVyqlL328Ow6Nta\nEecAAAc4g6M+X4OjPl8AAAAHc3NoLXJzYQAAAgEAuKa9pD4IBydMTj8CqhEqkjrS\niQwPnkiD+UA9t6mPpET/wsWedaTXQ2R3BS9JjV5mRu3xH6rcWpOSsU31dvNMTcvZ\nLksGWO11wRXJO/ogTfQnsFIPNLWxFK4I5+4FVR+FSTFW8lLAxTzogbZzTahwQ7Ca\nNdaQ0Tltl0fdWivIakZiRrkemEdnfAfTkhbBG4fX/4qUtqS2wJReY5iu22sDtPxN\np6EUdLdXV8N6FKufqAIV4EYiLJstVZ2nhmve6GeaHjAtsrDfOlk6Usj43VJWgAB0\nQv+NWSrxVIomXOX7Ueux1Z7BfphksMNayd9oDNCOkIw+l0v0dq7VY6aV8DQoRTho\nA8VE5Xe8HbORQ4y9kMGMAjo0i7TQTr3T+D89ujG083vrxvf/XzrGI59+ZpM58rtF\nWC95BvEM9GqHI6W13uMHZAX/g5xL/my3oyTHuybuiCpm9S8gabjYbzgv1eCN+P2F\nkHN6h8nxCEO+TU2SZC/1eO+LBZG/CyuW/Z9OiYqfoJ4DZUmZz+I3ctK9zRomxc6c\n1lAO/NtHVxwXWnPuKSxgMveyfChh9Hq36z+j0TjQGWM5CAmRFETTPGoe3Z28U9l4\n3HVLedHShF7rOpUb0Fb7X4lbViirXxv3vHNEJebfbDgPhjs05GIsQx/C8EHjW2Ls\nYIVyqlL328Ow6NtaEecAAAADAQABAAACAGwwjkbwbYW7edMSyj3ZJwdc3cScw33r\nYSAmisLU36vRHcYCQhEOD26WK8Jm7YKeP/DpM3FpjAiqFLY8Rkl2zkt61/puzP5H\ny8nhOPIiYNEr8CE4Q16P4nyKZ/90j71LZa338cizwe0O/fAadb6XpYeTrxdCa8Gb\nE2IjIkfWBWx3ZtenWYzBsZmTgFxFZsn5sw4wJWhKZCW8CP30FOfM8PQXLGy+TZ0B\nW3S5vQrlb/thlW29ygI2vb4/TEvPYmDravqrIetkBLdMVobw6BfNSY9gNL6Yuzn2\nlkYBV+7wdWuPXLgcd6T0J3MGU2iatH1lqVJ6SaYeQ9NSJwdnMMz30muUEZqYBiHY\nAgTIGPSym2CrX3euPXZxP5YnzvRQS8fLGD3LIOxBIrV5+EIS7gYcotRa0tn1K6wu\nGnIz6xHA/IcbCTftPsjNQdR2d5USuzWbOTczhTx2rarRwnTfXd7eB6+hQmM79xUe\n4FohfaGsBVI3v6mqRrZDTCHeaDVC25NrdEUr0vOx2LeeC5uWzNzdp4v12RYxYMDM\nTs2GotU2i4cgVJonPQXU6XyyGvyHdIC8VDR1yd8/ucHa6DkKQxX0rUgnNZ0iG3h0\nAWa2nijUOhti+ZLklBLj0D6wzIAtD67ZH8B1N8VSLtdXk/FflwbyQ5rxkWNpehtu\nN8WsYLxz06lxAAABAQCJ46oYc3RCVNCQUd1BonLOBAsJnZUBjhqng/jOS5lHXB0R\nh6JSW5ALFBAkp2KCejkv0CELeuikyKwli8omfgWOmFxpKPAShvHc3wcnpORkiBG7\nG7jZQ8hWvDZIKCnvJ5Z+Mo7MEHlfvZHKNn9XTJeXvc/Gzz2SYPD1+Ihl1XT5mk5k\nadrl9c3tpCw4xi6Hq3UJr47ZBoFW4Vm3+QwVEETH3A2XCYHmIIhoQO7zeds5DtOH\nf9xQ9/DRVoiRSeP+Ur04H3nc0wBztSlfIpacxTPGDxHfaulh0dLysnd95ahoGi7o\nvB/ICNW97i5tjAUiWEnvCAkyZA13BxEhzkP0j3RLAAABAQDya0DhKMqs95p/h7tT\nwt41xMveIEK4f4m/KF/4sFHssii37unLgv1lHk5WiezdYmNsECxOhkbIHQoEIIzT\neneBAW9WYZW4KlhdsbGaAilF8yZvalpClZta6ElPPdxloBS4GlUBELL8w1taSCPC\n2hvxNrh1sZ1Q0rMOUPoHtbh56Z5gWrzFPM2YlcaAQecAGX9SJeY/LJqSWXJi8q3k\nv8HGYUse0oOZiZrWy4Wp/hjuKdNlyDQRIeIztUy3rCgfPoDF9tdrl2QYmyyjYjEz\nfuei7tHrEMh3/Njg2Em8vaNN01Sm24mpOao4qpTeYYGTrCprX8LPglyze4UaBcEv\nV4w5AAABAQDC/v2CJii899rx3Spo4v63YN6Lx479RnyOlHkxcBe1U7HlUudVafG7\n21BvAIJAuCi3OO0hWIEX1SIE3qXVpndMr+1ZcXl2DsUhfym/hJX9SKydN2S61VhB\nHZCnZgeCBONMVQ/KRFRnswTUIRehYWevebvlcV/QNgL9EMLzNrgLX3ZbSRKDtQxS\now48QPPumDpqpNGVAhOwaHAQXPaUJliLr2gyv9fMLYxe+9bzhChh3tmAJFUaaJW5\nm4NlziSqTeylnP3OZdvs7Ne3PGzNItrlT4JX+6KNLFnWDxZ8oavkvsXYY9uLA2/v\nH4ZuSSehTFm2rAsuXXJZM9gSYcR8Ts8fAAAAAAEC\n-----END OPENSSH PRIVATE KEY-----\n",
            "private_key_pem": "-----BEGIN RSA PRIVATE KEY-----\nMIIJKAIBAAKCAgEAuKa9pD4IBydMTj8CqhEqkjrSiQwPnkiD+UA9t6mPpET/wsWe\ndaTXQ2R3BS9JjV5mRu3xH6rcWpOSsU31dvNMTcvZLksGWO11wRXJO/ogTfQnsFIP\nNLWxFK4I5+4FVR+FSTFW8lLAxTzogbZzTahwQ7CaNdaQ0Tltl0fdWivIakZiRrke\nmEdnfAfTkhbBG4fX/4qUtqS2wJReY5iu22sDtPxNp6EUdLdXV8N6FKufqAIV4EYi\nLJstVZ2nhmve6GeaHjAtsrDfOlk6Usj43VJWgAB0Qv+NWSrxVIomXOX7Ueux1Z7B\nfphksMNayd9oDNCOkIw+l0v0dq7VY6aV8DQoRThoA8VE5Xe8HbORQ4y9kMGMAjo0\ni7TQTr3T+D89ujG083vrxvf/XzrGI59+ZpM58rtFWC95BvEM9GqHI6W13uMHZAX/\ng5xL/my3oyTHuybuiCpm9S8gabjYbzgv1eCN+P2FkHN6h8nxCEO+TU2SZC/1eO+L\nBZG/CyuW/Z9OiYqfoJ4DZUmZz+I3ctK9zRomxc6c1lAO/NtHVxwXWnPuKSxgMvey\nfChh9Hq36z+j0TjQGWM5CAmRFETTPGoe3Z28U9l43HVLedHShF7rOpUb0Fb7X4lb\nViirXxv3vHNEJebfbDgPhjs05GIsQx/C8EHjW2LsYIVyqlL328Ow6NtaEecCAwEA\nAQKCAgBsMI5G8G2Fu3nTEso92ScHXN3EnMN962EgJorC1N+r0R3GAkIRDg9ulivC\nZu2Cnj/w6TNxaYwIqhS2PEZJds5Letf6bsz+R8vJ4TjyImDRK/AhOENej+J8imf/\ndI+9S2Wt9/HIs8HtDv3wGnW+l6WHk68XQmvBmxNiIyJH1gVsd2bXp1mMwbGZk4Bc\nRWbJ+bMOMCVoSmQlvAj99BTnzPD0Fyxsvk2dAVt0ub0K5W/7YZVtvcoCNr2+P0xL\nz2Jg62r6qyHrZAS3TFaG8OgXzUmPYDS+mLs59pZGAVfu8HVrj1y4HHek9CdzBlNo\nmrR9ZalSekmmHkPTUicHZzDM99JrlBGamAYh2AIEyBj0sptgq193rj12cT+WJ870\nUEvHyxg9yyDsQSK1efhCEu4GHKLUWtLZ9SusLhpyM+sRwPyHGwk37T7IzUHUdneV\nErs1mzk3M4U8dq2q0cJ0313e3gevoUJjO/cVHuBaIX2hrAVSN7+pqka2Q0wh3mg1\nQtuTa3RFK9Lzsdi3ngublszc3aeL9dkWMWDAzE7NhqLVNouHIFSaJz0F1Ol8shr8\nh3SAvFQ0dcnfP7nB2ug5CkMV9K1IJzWdIht4dAFmtp4o1DobYvmS5JQS49A+sMyA\nLQ+u2R/AdTfFUi7XV5PxX5cG8kOa8ZFjaXobbjfFrGC8c9OpcQKCAQEA8mtA4SjK\nrPeaf4e7U8LeNcTL3iBCuH+Jvyhf+LBR7LIot+7py4L9ZR5OVons3WJjbBAsToZG\nyB0KBCCM03p3gQFvVmGVuCpYXbGxmgIpRfMmb2paQpWbWuhJTz3cZaAUuBpVARCy\n/MNbWkgjwtob8Ta4dbGdUNKzDlD6B7W4eemeYFq8xTzNmJXGgEHnABl/UiXmPyya\nkllyYvKt5L/BxmFLHtKDmYma1suFqf4Y7inTZcg0ESHiM7VMt6woHz6AxfbXa5dk\nGJsso2IxM37nou7R6xDId/zY4NhJvL2jTdNUptuJqTmqOKqU3mGBk6wqa1/Cz4Jc\ns3uFGgXBL1eMOQKCAQEAwv79giYovPfa8d0qaOL+t2Dei8eO/UZ8jpR5MXAXtVOx\n5VLnVWnxu9tQbwCCQLgotzjtIViBF9UiBN6l1aZ3TK/tWXF5dg7FIX8pv4SV/Uis\nnTdkutVYQR2Qp2YHggTjTFUPykRUZ7ME1CEXoWFnr3m75XFf0DYC/RDC8za4C192\nW0kSg7UMUqMOPEDz7pg6aqTRlQITsGhwEFz2lCZYi69oMr/XzC2MXvvW84QoYd7Z\ngCRVGmiVuZuDZc4kqk3spZz9zmXb7OzXtzxszSLa5U+CV/uijSxZ1g8WfKGr5L7F\n2GPbiwNv7x+GbkknoUxZtqwLLl1yWTPYEmHEfE7PHwKCAQAWAF33EXizkhVXlb4O\nsBTy1FWcZ1km3Yxm6QcszvPgg5rmdqyJZ+4Pi1yYxhPVU+SqHh2nUtCBwQDztvCR\nEQBfmP293UV1XYJ/nmz8CU4tpw/J9OEUQffDnGlq47ZpEspOmzUzz4wvHJvh6cI1\nIQ6AKfM7207n0velSPwoTvnbNrTFEfcn/4i5XH6TjWelvqqrjf0Dpsywk6WqDVRy\n+mRf2Ny0g26mNLL046vR7dndY7Zn+m+fTm/1OXMpCFrr2wRc8zZB8Y+IHC1E9th4\nUAA97Wbn6rIHEc+tOHQYyS1VFuUL78jirvUgB3tTY44bFPkUnbBUnQRE1eUSo4sQ\n/OUhAoIBAGwiKYUeEiNQs2rCwfzuPGCG6ILNRH8xsmsC7P48cflNE27ffYfBO5t4\ncG9N8e1f8rxAZkfCo7wKplXa/k2vhaLSQKYEJl4QrML5mLYrGV4fChIZINP28X0S\nnyAllW5FtaKj3SDGqaPkA357Z3ZH5M7LjCYdrAtzmE6sF9/17TPpWWIf8JN3OAEv\niPpi7qLWajavdcXTJAYEtHhuhRL8/Mdhmz/hYRNKAvi9YaMjG53CjgzgmQ0PCFCo\na8JuAakrk1r350uo8r+9S5bCfHd5p7fYUqjl02vEN4FcVpUAtqkgHej030+EtXL+\noXbRPJfXFj0VxRGOIpZTCLSQ4PwqW/MCggEBAInjqhhzdEJU0JBR3UGics4ECwmd\nlQGOGqeD+M5LmUdcHRGHolJbkAsUECSnYoJ6OS/QIQt66KTIrCWLyiZ+BY6YXGko\n8BKG8dzfByek5GSIEbsbuNlDyFa8NkgoKe8nln4yjswQeV+9kco2f1dMl5e9z8bP\nPZJg8PX4iGXVdPmaTmRp2uX1ze2kLDjGLoerdQmvjtkGgVbhWbf5DBUQRMfcDZcJ\ngeYgiGhA7vN52zkO04d/3FD38NFWiJFJ4/5SvTgfedzTAHO1KV8ilpzFM8YPEd9q\n6WHR0vKyd33lqGgaLui8H8gI1b3uLm2MBSJYSe8ICTJkDXcHESHOQ/SPdEs=\n-----END RSA PRIVATE KEY-----\n",
            "private_key_pem_pkcs8": "-----BEGIN PRIVATE KEY-----\nMIIJQgIBADANBgkqhkiG9w0BAQEFAASCCSwwggkoAgEAAoICAQC4pr2kPggHJ0xO\nPwKqESqSOtKJDA+eSIP5QD23qY+kRP/CxZ51pNdDZHcFL0mNXmZG7fEfqtxak5Kx\nTfV280xNy9kuSwZY7XXBFck7+iBN9CewUg80tbEUrgjn7gVVH4VJMVbyUsDFPOiB\ntnNNqHBDsJo11pDROW2XR91aK8hqRmJGuR6YR2d8B9OSFsEbh9f/ipS2pLbAlF5j\nmK7bawO0/E2noRR0t1dXw3oUq5+oAhXgRiIsmy1VnaeGa97oZ5oeMC2ysN86WTpS\nyPjdUlaAAHRC/41ZKvFUiiZc5ftR67HVnsF+mGSww1rJ32gM0I6QjD6XS/R2rtVj\nppXwNChFOGgDxUTld7wds5FDjL2QwYwCOjSLtNBOvdP4Pz26MbTze+vG9/9fOsYj\nn35mkznyu0VYL3kG8Qz0aocjpbXe4wdkBf+DnEv+bLejJMe7Ju6IKmb1LyBpuNhv\nOC/V4I34/YWQc3qHyfEIQ75NTZJkL/V474sFkb8LK5b9n06Jip+gngNlSZnP4jdy\n0r3NGibFzpzWUA7820dXHBdac+4pLGAy97J8KGH0erfrP6PRONAZYzkICZEURNM8\nah7dnbxT2XjcdUt50dKEXus6lRvQVvtfiVtWKKtfG/e8c0Ql5t9sOA+GOzTkYixD\nH8LwQeNbYuxghXKqUvfbw7Do21oR5wIDAQABAoICAGwwjkbwbYW7edMSyj3ZJwdc\n3cScw33rYSAmisLU36vRHcYCQhEOD26WK8Jm7YKeP/DpM3FpjAiqFLY8Rkl2zkt6\n1/puzP5Hy8nhOPIiYNEr8CE4Q16P4nyKZ/90j71LZa338cizwe0O/fAadb6XpYeT\nrxdCa8GbE2IjIkfWBWx3ZtenWYzBsZmTgFxFZsn5sw4wJWhKZCW8CP30FOfM8PQX\nLGy+TZ0BW3S5vQrlb/thlW29ygI2vb4/TEvPYmDravqrIetkBLdMVobw6BfNSY9g\nNL6Yuzn2lkYBV+7wdWuPXLgcd6T0J3MGU2iatH1lqVJ6SaYeQ9NSJwdnMMz30muU\nEZqYBiHYAgTIGPSym2CrX3euPXZxP5YnzvRQS8fLGD3LIOxBIrV5+EIS7gYcotRa\n0tn1K6wuGnIz6xHA/IcbCTftPsjNQdR2d5USuzWbOTczhTx2rarRwnTfXd7eB6+h\nQmM79xUe4FohfaGsBVI3v6mqRrZDTCHeaDVC25NrdEUr0vOx2LeeC5uWzNzdp4v1\n2RYxYMDMTs2GotU2i4cgVJonPQXU6XyyGvyHdIC8VDR1yd8/ucHa6DkKQxX0rUgn\nNZ0iG3h0AWa2nijUOhti+ZLklBLj0D6wzIAtD67ZH8B1N8VSLtdXk/FflwbyQ5rx\nkWNpehtuN8WsYLxz06lxAoIBAQDya0DhKMqs95p/h7tTwt41xMveIEK4f4m/KF/4\nsFHssii37unLgv1lHk5WiezdYmNsECxOhkbIHQoEIIzTeneBAW9WYZW4KlhdsbGa\nAilF8yZvalpClZta6ElPPdxloBS4GlUBELL8w1taSCPC2hvxNrh1sZ1Q0rMOUPoH\ntbh56Z5gWrzFPM2YlcaAQecAGX9SJeY/LJqSWXJi8q3kv8HGYUse0oOZiZrWy4Wp\n/hjuKdNlyDQRIeIztUy3rCgfPoDF9tdrl2QYmyyjYjEzfuei7tHrEMh3/Njg2Em8\nvaNN01Sm24mpOao4qpTeYYGTrCprX8LPglyze4UaBcEvV4w5AoIBAQDC/v2CJii8\n99rx3Spo4v63YN6Lx479RnyOlHkxcBe1U7HlUudVafG721BvAIJAuCi3OO0hWIEX\n1SIE3qXVpndMr+1ZcXl2DsUhfym/hJX9SKydN2S61VhBHZCnZgeCBONMVQ/KRFRn\nswTUIRehYWevebvlcV/QNgL9EMLzNrgLX3ZbSRKDtQxSow48QPPumDpqpNGVAhOw\naHAQXPaUJliLr2gyv9fMLYxe+9bzhChh3tmAJFUaaJW5m4NlziSqTeylnP3OZdvs\n7Ne3PGzNItrlT4JX+6KNLFnWDxZ8oavkvsXYY9uLA2/vH4ZuSSehTFm2rAsuXXJZ\nM9gSYcR8Ts8fAoIBABYAXfcReLOSFVeVvg6wFPLUVZxnWSbdjGbpByzO8+CDmuZ2\nrIln7g+LXJjGE9VT5KoeHadS0IHBAPO28JERAF+Y/b3dRXVdgn+ebPwJTi2nD8n0\n4RRB98OcaWrjtmkSyk6bNTPPjC8cm+HpwjUhDoAp8zvbTufS96VI/ChO+ds2tMUR\n9yf/iLlcfpONZ6W+qquN/QOmzLCTpaoNVHL6ZF/Y3LSDbqY0svTjq9Ht2d1jtmf6\nb59Ob/U5cykIWuvbBFzzNkHxj4gcLUT22HhQAD3tZufqsgcRz604dBjJLVUW5Qvv\nyOKu9SAHe1NjjhsU+RSdsFSdBETV5RKjixD85SECggEAbCIphR4SI1CzasLB/O48\nYIbogs1EfzGyawLs/jxx+U0Tbt99h8E7m3hwb03x7V/yvEBmR8KjvAqmVdr+Ta+F\notJApgQmXhCswvmYtisZXh8KEhkg0/bxfRKfICWVbkW1oqPdIMapo+QDfntndkfk\nzsuMJh2sC3OYTqwX3/XtM+lZYh/wk3c4AS+I+mLuotZqNq91xdMkBgS0eG6FEvz8\nx2GbP+FhE0oC+L1hoyMbncKODOCZDQ8IUKhrwm4BqSuTWvfnS6jyv71LlsJ8d3mn\nt9hSqOXTa8Q3gVxWlQC2qSAd6PTfT4S1cv6hdtE8l9cWPRXFEY4illMItJDg/Cpb\n8wKCAQEAieOqGHN0QlTQkFHdQaJyzgQLCZ2VAY4ap4P4zkuZR1wdEYeiUluQCxQQ\nJKdigno5L9AhC3ropMisJYvKJn4FjphcaSjwEobx3N8HJ6TkZIgRuxu42UPIVrw2\nSCgp7yeWfjKOzBB5X72RyjZ/V0yXl73Pxs89kmDw9fiIZdV0+ZpOZGna5fXN7aQs\nOMYuh6t1Ca+O2QaBVuFZt/kMFRBEx9wNlwmB5iCIaEDu83nbOQ7Th3/cUPfw0VaI\nkUnj/lK9OB953NMAc7UpXyKWnMUzxg8R32rpYdHS8rJ3feWoaBou6LwfyAjVve4u\nbYwFIlhJ7wgJMmQNdwcRIc5D9I90Sw==\n-----END PRIVATE KEY-----\n",
            "public_key_fingerprint_md5": "58:a5:91:95:00:19:08:29:e1:e4:68:bc:bb:f1:1d:e8",
            "public_key_fingerprint_sha256": "SHA256:Eupf9iGTbgzcZ7BWRbcTlJtRIERIi927KahzaRjqD9U",
            "public_key_openssh": "ssh-rsa AAAAB3NzaC1yc2EAAAADAQABAAACAQC4pr2kPggHJ0xOPwKqESqSOtKJDA+eSIP5QD23qY+kRP/CxZ51pNdDZHcFL0mNXmZG7fEfqtxak5KxTfV280xNy9kuSwZY7XXBFck7+iBN9CewUg80tbEUrgjn7gVVH4VJMVbyUsDFPOiBtnNNqHBDsJo11pDROW2XR91aK8hqRmJGuR6YR2d8B9OSFsEbh9f/ipS2pLbAlF5jmK7bawO0/E2noRR0t1dXw3oUq5+oAhXgRiIsmy1VnaeGa97oZ5oeMC2ysN86WTpSyPjdUlaAAHRC/41ZKvFUiiZc5ftR67HVnsF+mGSww1rJ32gM0I6QjD6XS/R2rtVjppXwNChFOGgDxUTld7wds5FDjL2QwYwCOjSLtNBOvdP4Pz26MbTze+vG9/9fOsYjn35mkznyu0VYL3kG8Qz0aocjpbXe4wdkBf+DnEv+bLejJMe7Ju6IKmb1LyBpuNhvOC/V4I34/YWQc3qHyfEIQ75NTZJkL/V474sFkb8LK5b9n06Jip+gngNlSZnP4jdy0r3NGibFzpzWUA7820dXHBdac+4pLGAy97J8KGH0erfrP6PRONAZYzkICZEURNM8ah7dnbxT2XjcdUt50dKEXus6lRvQVvtfiVtWKKtfG/e8c0Ql5t9sOA+GOzTkYixDH8LwQeNbYuxghXKqUvfbw7Do21oR5w==\n",
            "public_key_pem": "-----BEGIN PUBLIC KEY-----\nMIICIjANBgkqhkiG9w0BAQEFAAOCAg8AMIICCgKCAgEAuKa9pD4IBydMTj8CqhEq\nkjrSiQwPnkiD+UA9t6mPpET/wsWedaTXQ2R3BS9JjV5mRu3xH6rcWpOSsU31dvNM\nTcvZLksGWO11wRXJO/ogTfQnsFIPNLWxFK4I5+4FVR+FSTFW8lLAxTzogbZzTahw\nQ7CaNdaQ0Tltl0fdWivIakZiRrkemEdnfAfTkhbBG4fX/4qUtqS2wJReY5iu22sD\ntPxNp6EUdLdXV8N6FKufqAIV4EYiLJstVZ2nhmve6GeaHjAtsrDfOlk6Usj43VJW\ngAB0Qv+NWSrxVIomXOX7Ueux1Z7BfphksMNayd9oDNCOkIw+l0v0dq7VY6aV8DQo\nRThoA8VE5Xe8HbORQ4y9kMGMAjo0i7TQTr3T+D89ujG083vrxvf/XzrGI59+ZpM5\n8rtFWC95BvEM9GqHI6W13uMHZAX/g5xL/my3oyTHuybuiCpm9S8gabjYbzgv1eCN\n+P2FkHN6h8nxCEO+TU2SZC/1eO+LBZG/CyuW/Z9OiYqfoJ4DZUmZz+I3ctK9zRom\nxc6c1lAO/NtHVxwXWnPuKSxgMveyfChh9Hq36z+j0TjQGWM5CAmRFETTPGoe3Z28\nU9l43HVLedHShF7rOpUb0Fb7X4lbViirXxv3vHNEJebfbDgPhjs05GIsQx/C8EHj\nW2LsYIVyqlL328Ow6NtaEecCAwEAAQ==\n-----END PUBLIC KEY-----\n",
            "rsa_bits": 4096
          },
          "sensitive_attributes": []
        }
      ]
    },
    {
      "module": "module.aws-rds",
      "mode": "managed",
      "type": "aws_db_instance",
      "name": "db_cluster",
      "provider": "provider[\"registry.terraform.io/hashicorp/aws\"]",
      "instances": [
        {
          "index_key": 0,
          "schema_version": 1,
          "attributes": {
            "address": "infracloud-test.cng9fp2blywh.eu-west-2.rds.amazonaws.com",
            "allocated_storage": 10,
            "allow_major_version_upgrade": null,
            "apply_immediately": null,
            "arn": "arn:aws:rds:eu-west-2:972785599914:db:infracloud-test",
            "auto_minor_version_upgrade": false,
            "availability_zone": "eu-west-2a",
            "backup_retention_period": 7,
            "backup_window": "02:46-03:16",
            "ca_cert_identifier": "rds-ca-2019",
            "character_set_name": "",
            "copy_tags_to_snapshot": false,
            "custom_iam_instance_profile": "",
            "customer_owned_ip_enabled": false,
            "db_name": "Infracloud",
            "db_subnet_group_name": "terraform-20221017031527565100000002",
            "delete_automated_backups": true,
            "deletion_protection": false,
            "domain": "",
            "domain_iam_role_name": "",
            "enabled_cloudwatch_logs_exports": [],
            "endpoint": "infracloud-test.cng9fp2blywh.eu-west-2.rds.amazonaws.com:5432",
            "engine": "postgres",
            "engine_version": "13.7",
            "engine_version_actual": "13.7",
            "final_snapshot_identifier": "rds-Infracloud-test-snapshot",
            "hosted_zone_id": "Z1TTGA775OQIYO",
            "iam_database_authentication_enabled": false,
            "id": "infracloud-test",
            "identifier": "infracloud-test",
            "identifier_prefix": "",
            "instance_class": "db.t3.micro",
            "iops": 0,
            "kms_key_id": "",
            "latest_restorable_time": "2022-10-17T04:24:32Z",
            "license_model": "postgresql-license",
            "maintenance_window": "sun:22:26-sun:22:56",
            "max_allocated_storage": 0,
            "monitoring_interval": 0,
            "monitoring_role_arn": "",
            "multi_az": false,
            "name": "Infracloud",
            "nchar_character_set_name": "",
            "network_type": "IPV4",
            "option_group_name": "default:postgres-13",
            "parameter_group_name": "terraform-20221017031512302700000001",
            "password": "CQMDdERQBmUAM0An4PupZ24PO",
            "performance_insights_enabled": false,
            "performance_insights_kms_key_id": "",
            "performance_insights_retention_period": 0,
            "port": 5432,
            "publicly_accessible": false,
            "replica_mode": "",
            "replicas": [],
            "replicate_source_db": "",
            "resource_id": "db-CS2PK6FD5ZKLETFRQUORRDWMWE",
            "restore_to_point_in_time": [],
            "s3_import": [],
            "security_group_names": [],
            "skip_final_snapshot": false,
            "snapshot_identifier": null,
            "status": "available",
            "storage_encrypted": false,
            "storage_type": "gp2",
            "tags": {
              "Name": "Infracloud-test-rds",
              "Owner": "Ajay"
            },
            "tags_all": {
              "Name": "Infracloud-test-rds",
              "Owner": "Ajay"
            },
            "timeouts": null,
            "timezone": "",
            "username": "root",
            "vpc_security_group_ids": [
              "sg-01381949a21dd7d64"
            ]
          },
          "sensitive_attributes": [],
          "private": "eyJlMmJmYjczMC1lY2FhLTExZTYtOGY4OC0zNDM2M2JjN2M0YzAiOnsiY3JlYXRlIjoyNDAwMDAwMDAwMDAwLCJkZWxldGUiOjM2MDAwMDAwMDAwMDAsInVwZGF0ZSI6NDgwMDAwMDAwMDAwMH0sInNjaGVtYV92ZXJzaW9uIjoiMSJ9",
          "dependencies": [
            "data.aws_availability_zones.available",
            "module.aws-rds.aws_db_parameter_group.db_parameter_group",
            "module.aws-rds.aws_db_subnet_group.db_subnet_group",
            "module.aws-rds.aws_security_group.rds_security_group",
            "module.vpc.aws_subnet.subnets-private",
            "module.vpc.aws_vpc.vpc",
            "module.vpc.data.aws_availability_zones.available"
          ]
        }
      ]
    },
    {
      "module": "module.aws-rds",
      "mode": "managed",
      "type": "aws_db_parameter_group",
      "name": "db_parameter_group",
      "provider": "provider[\"registry.terraform.io/hashicorp/aws\"]",
      "instances": [
        {
          "schema_version": 0,
          "attributes": {
            "arn": "arn:aws:rds:eu-west-2:972785599914:pg:terraform-20221017031512302700000001",
            "description": "Managed by Terraform",
            "family": "postgres13",
            "id": "terraform-20221017031512302700000001",
            "name": "terraform-20221017031512302700000001",
            "name_prefix": null,
            "parameter": [],
            "tags": {
              "Name": "Infracloud-test-dbparametergroup",
              "Owner": "Ajay"
            },
            "tags_all": {
              "Name": "Infracloud-test-dbparametergroup",
              "Owner": "Ajay"
            }
          },
          "sensitive_attributes": [],
          "private": "bnVsbA=="
        }
      ]
    },
    {
      "module": "module.aws-rds",
      "mode": "managed",
      "type": "aws_db_subnet_group",
      "name": "db_subnet_group",
      "provider": "provider[\"registry.terraform.io/hashicorp/aws\"]",
      "instances": [
        {
          "schema_version": 0,
          "attributes": {
            "arn": "arn:aws:rds:eu-west-2:972785599914:subgrp:terraform-20221017031527565100000002",
            "description": "Managed by Terraform",
            "id": "terraform-20221017031527565100000002",
            "name": "terraform-20221017031527565100000002",
            "name_prefix": "terraform-",
            "subnet_ids": [
              "subnet-033fbf6cdc05dcd1c",
              "subnet-037ffc2c84fe2ccc3",
              "subnet-0af6657dc3ad5adbb"
            ],
            "supported_network_types": [
              "IPV4"
            ],
            "tags": {
              "Name": "Infracloud-test-dbsubnetgroup",
              "Owner": "Ajay"
            },
            "tags_all": {
              "Name": "Infracloud-test-dbsubnetgroup",
              "Owner": "Ajay"
            }
          },
          "sensitive_attributes": [],
          "private": "bnVsbA==",
          "dependencies": [
            "data.aws_availability_zones.available",
            "module.vpc.aws_subnet.subnets-private",
            "module.vpc.aws_vpc.vpc",
            "module.vpc.data.aws_availability_zones.available"
          ]
        }
      ]
    },
    {
      "module": "module.aws-rds",
      "mode": "managed",
      "type": "aws_security_group",
      "name": "rds_security_group",
      "provider": "provider[\"registry.terraform.io/hashicorp/aws\"]",
      "instances": [
        {
          "schema_version": 1,
          "attributes": {
            "arn": "arn:aws:ec2:eu-west-2:972785599914:security-group/sg-01381949a21dd7d64",
            "description": "Managed by Terraform",
            "egress": [
              {
                "cidr_blocks": [
                  "0.0.0.0/0"
                ],
                "description": "",
                "from_port": 0,
                "ipv6_cidr_blocks": [],
                "prefix_list_ids": [],
                "protocol": "-1",
                "security_groups": [],
                "self": false,
                "to_port": 0
              }
            ],
            "id": "sg-01381949a21dd7d64",
            "ingress": [
              {
                "cidr_blocks": [
                  "35.176.110.242/32",
                  "10.0.0.0/16"
                ],
                "description": "",
                "from_port": 5432,
                "ipv6_cidr_blocks": [],
                "prefix_list_ids": [],
                "protocol": "tcp",
                "security_groups": [
                  "sg-03e3b04e765d7006f"
                ],
                "self": false,
                "to_port": 5432
              }
            ],
            "name": "Infracloud-test-rds-security-group",
            "name_prefix": "",
            "owner_id": "972785599914",
            "revoke_rules_on_delete": false,
            "tags": {
              "Name": "Infracloud-test-rds-security-group",
              "Owner": "Ajay"
            },
            "tags_all": {
              "Name": "Infracloud-test-rds-security-group",
              "Owner": "Ajay"
            },
            "timeouts": null,
            "vpc_id": "vpc-0a2fc0f78ac4c8d82"
          },
          "sensitive_attributes": [],
          "private": "eyJlMmJmYjczMC1lY2FhLTExZTYtOGY4OC0zNDM2M2JjN2M0YzAiOnsiY3JlYXRlIjo2MDAwMDAwMDAwMDAsImRlbGV0ZSI6OTAwMDAwMDAwMDAwfSwic2NoZW1hX3ZlcnNpb24iOiIxIn0=",
          "dependencies": [
            "module.vpc.aws_vpc.vpc"
          ]
        }
      ]
    },
    {
      "module": "module.aws-rds",
      "mode": "managed",
      "type": "aws_security_group_rule",
      "name": "allow-database-all-ingress",
      "provider": "provider[\"registry.terraform.io/hashicorp/aws\"]",
      "instances": [
        {
          "schema_version": 2,
          "attributes": {
            "cidr_blocks": [
              "35.176.110.242/32",
              "10.0.0.0/16"
            ],
            "description": "",
            "from_port": 5432,
            "id": "sgrule-855432350",
            "ipv6_cidr_blocks": null,
            "prefix_list_ids": null,
            "protocol": "tcp",
            "security_group_id": "sg-01381949a21dd7d64",
            "self": false,
            "source_security_group_id": null,
            "timeouts": null,
            "to_port": 5432,
            "type": "ingress"
          },
          "sensitive_attributes": [],
          "private": "eyJlMmJmYjczMC1lY2FhLTExZTYtOGY4OC0zNDM2M2JjN2M0YzAiOnsiY3JlYXRlIjozMDAwMDAwMDAwMDB9LCJzY2hlbWFfdmVyc2lvbiI6IjIifQ==",
          "dependencies": [
            "data.aws_availability_zones.available",
            "module.aws-rds.aws_security_group.rds_security_group",
            "module.vpc.aws_eip.nat-eip",
            "module.vpc.aws_nat_gateway.nat-gateway",
            "module.vpc.aws_subnet.subnets-public",
            "module.vpc.aws_vpc.vpc",
            "module.vpc.data.aws_availability_zones.available"
          ]
        }
      ]
    },
    {
      "module": "module.aws-rds",
      "mode": "managed",
      "type": "aws_security_group_rule",
      "name": "allow-database-from-ec2",
      "provider": "provider[\"registry.terraform.io/hashicorp/aws\"]",
      "instances": [
        {
          "schema_version": 2,
          "attributes": {
            "cidr_blocks": null,
            "description": "",
            "from_port": 5432,
            "id": "sgrule-2226867337",
            "ipv6_cidr_blocks": null,
            "prefix_list_ids": null,
            "protocol": "tcp",
            "security_group_id": "sg-01381949a21dd7d64",
            "self": false,
            "source_security_group_id": "sg-03e3b04e765d7006f",
            "timeouts": null,
            "to_port": 5432,
            "type": "ingress"
          },
          "sensitive_attributes": [],
          "private": "eyJlMmJmYjczMC1lY2FhLTExZTYtOGY4OC0zNDM2M2JjN2M0YzAiOnsiY3JlYXRlIjozMDAwMDAwMDAwMDB9LCJzY2hlbWFfdmVyc2lvbiI6IjIifQ==",
          "dependencies": [
            "module.aws-rds.aws_security_group.rds_security_group",
            "module.ec2.aws_security_group.sg",
            "module.vpc.aws_vpc.vpc"
          ]
        }
      ]
    },
    {
      "module": "module.aws-rds",
      "mode": "managed",
      "type": "aws_security_group_rule",
      "name": "allow-outgoing-connections",
      "provider": "provider[\"registry.terraform.io/hashicorp/aws\"]",
      "instances": [
        {
          "schema_version": 2,
          "attributes": {
            "cidr_blocks": [
              "0.0.0.0/0"
            ],
            "description": "",
            "from_port": 0,
            "id": "sgrule-835849246",
            "ipv6_cidr_blocks": null,
            "prefix_list_ids": null,
            "protocol": "-1",
            "security_group_id": "sg-01381949a21dd7d64",
            "self": false,
            "source_security_group_id": null,
            "timeouts": null,
            "to_port": 0,
            "type": "egress"
          },
          "sensitive_attributes": [],
          "private": "eyJlMmJmYjczMC1lY2FhLTExZTYtOGY4OC0zNDM2M2JjN2M0YzAiOnsiY3JlYXRlIjozMDAwMDAwMDAwMDB9LCJzY2hlbWFfdmVyc2lvbiI6IjIifQ==",
          "dependencies": [
            "module.aws-rds.aws_security_group.rds_security_group",
            "module.vpc.aws_vpc.vpc"
          ]
        }
      ]
    },
    {
      "module": "module.ec2",
      "mode": "managed",
      "type": "aws_instance",
      "name": "instance",
      "provider": "provider[\"registry.terraform.io/hashicorp/aws\"]",
      "instances": [
        {
          "index_key": 0,
          "schema_version": 1,
          "attributes": {
            "ami": "ami-06672d07f62285d1d",
            "arn": "arn:aws:ec2:eu-west-2:972785599914:instance/i-0f3218d4b8aad3c15",
            "associate_public_ip_address": true,
            "availability_zone": "eu-west-2a",
            "capacity_reservation_specification": [
              {
                "capacity_reservation_preference": "open",
                "capacity_reservation_target": []
              }
            ],
            "cpu_core_count": 1,
            "cpu_threads_per_core": 2,
            "credit_specification": [
              {
                "cpu_credits": "standard"
              }
            ],
            "disable_api_stop": false,
            "disable_api_termination": false,
            "ebs_block_device": [],
            "ebs_optimized": true,
            "enclave_options": [
              {
                "enabled": false
              }
            ],
            "ephemeral_block_device": [],
            "get_password_data": false,
            "hibernation": false,
            "host_id": null,
            "host_resource_group_arn": null,
            "iam_instance_profile": "",
            "id": "i-0f3218d4b8aad3c15",
            "instance_initiated_shutdown_behavior": "stop",
            "instance_state": "running",
            "instance_type": "t3.micro",
            "ipv6_address_count": 0,
            "ipv6_addresses": [],
            "key_name": "Infracloud-test-key",
            "launch_template": [],
            "maintenance_options": [
              {
                "auto_recovery": "default"
              }
            ],
            "metadata_options": [
              {
                "http_endpoint": "enabled",
                "http_put_response_hop_limit": 1,
                "http_tokens": "optional",
                "instance_metadata_tags": "disabled"
              }
            ],
            "monitoring": false,
            "network_interface": [],
            "outpost_arn": "",
            "password_data": "",
            "placement_group": "",
            "placement_partition_number": null,
            "primary_network_interface_id": "eni-010c1749fba4cb608",
            "private_dns": "ip-10-0-100-177.eu-west-2.compute.internal",
            "private_dns_name_options": [
              {
                "enable_resource_name_dns_a_record": false,
                "enable_resource_name_dns_aaaa_record": false,
                "hostname_type": "ip-name"
              }
            ],
            "private_ip": "10.0.100.177",
            "public_dns": "ec2-52-56-85-219.eu-west-2.compute.amazonaws.com",
            "public_ip": "52.56.85.219",
            "root_block_device": [
              {
                "delete_on_termination": true,
                "device_name": "/dev/xvda",
                "encrypted": false,
                "iops": 100,
                "kms_key_id": "",
                "tags": {},
                "throughput": 0,
                "volume_id": "vol-0775d901bfffce09b",
                "volume_size": 10,
                "volume_type": "gp2"
              }
            ],
            "secondary_private_ips": [],
            "security_groups": [],
            "source_dest_check": true,
            "subnet_id": "subnet-0107760145951bdb9",
            "tags": {
              "Name": "ec2-Infracloud-test-0",
              "Owner": "Ajay"
            },
            "tags_all": {
              "Name": "ec2-Infracloud-test-0",
              "Owner": "Ajay"
            },
            "tenancy": "default",
            "timeouts": null,
            "user_data": null,
            "user_data_base64": null,
            "user_data_replace_on_change": false,
            "volume_tags": null,
            "vpc_security_group_ids": [
              "sg-03e3b04e765d7006f"
            ]
          },
          "sensitive_attributes": [],
          "private": "eyJlMmJmYjczMC1lY2FhLTExZTYtOGY4OC0zNDM2M2JjN2M0YzAiOnsiY3JlYXRlIjo2MDAwMDAwMDAwMDAsImRlbGV0ZSI6MTIwMDAwMDAwMDAwMCwidXBkYXRlIjo2MDAwMDAwMDAwMDB9LCJzY2hlbWFfdmVyc2lvbiI6IjEifQ==",
          "dependencies": [
            "aws_key_pair.ssh_key",
            "data.aws_availability_zones.available",
            "module.ec2.aws_security_group.sg",
            "module.vpc.aws_subnet.subnets-public",
            "module.vpc.aws_vpc.vpc",
            "module.vpc.data.aws_availability_zones.available",
            "tls_private_key.tls_key"
          ]
        }
      ]
    },
    {
      "module": "module.ec2",
      "mode": "managed",
      "type": "aws_security_group",
      "name": "sg",
      "provider": "provider[\"registry.terraform.io/hashicorp/aws\"]",
      "instances": [
        {
          "schema_version": 1,
          "attributes": {
            "arn": "arn:aws:ec2:eu-west-2:972785599914:security-group/sg-03e3b04e765d7006f",
            "description": "Managed by Terraform",
            "egress": [
              {
                "cidr_blocks": [
                  "0.0.0.0/0"
                ],
                "description": "",
                "from_port": 0,
                "ipv6_cidr_blocks": [],
                "prefix_list_ids": [],
                "protocol": "-1",
                "security_groups": [],
                "self": false,
                "to_port": 0
              }
            ],
            "id": "sg-03e3b04e765d7006f",
            "ingress": [
              {
                "cidr_blocks": [
                  "0.0.0.0/0"
                ],
                "description": "",
                "from_port": 22,
                "ipv6_cidr_blocks": [],
                "prefix_list_ids": [],
                "protocol": "tcp",
                "security_groups": [],
                "self": false,
                "to_port": 22
              },
              {
                "cidr_blocks": [
                  "35.176.110.242/32",
                  "10.0.0.0/16",
                  "53.216.12.222/32",
                  "121.22.12.3/32"
                ],
                "description": "",
                "from_port": 22,
                "ipv6_cidr_blocks": [],
                "prefix_list_ids": [],
                "protocol": "tcp",
                "security_groups": [],
                "self": false,
                "to_port": 22
              }
            ],
            "name": "Infracloud-test-ec2-securitygroup",
            "name_prefix": "",
            "owner_id": "972785599914",
            "revoke_rules_on_delete": false,
            "tags": {
              "Name": "Infracloud-test-ec2-securitygroup",
              "Owner": "Ajay"
            },
            "tags_all": {
              "Name": "Infracloud-test-ec2-securitygroup",
              "Owner": "Ajay"
            },
            "timeouts": null,
            "vpc_id": "vpc-0a2fc0f78ac4c8d82"
          },
          "sensitive_attributes": [],
          "private": "eyJlMmJmYjczMC1lY2FhLTExZTYtOGY4OC0zNDM2M2JjN2M0YzAiOnsiY3JlYXRlIjo2MDAwMDAwMDAwMDAsImRlbGV0ZSI6OTAwMDAwMDAwMDAwfSwic2NoZW1hX3ZlcnNpb24iOiIxIn0=",
          "dependencies": [
            "module.vpc.aws_vpc.vpc"
          ]
        }
      ]
    },
    {
      "module": "module.ec2",
      "mode": "managed",
      "type": "aws_security_group_rule",
      "name": "allow-outgoing-connections",
      "provider": "provider[\"registry.terraform.io/hashicorp/aws\"]",
      "instances": [
        {
          "schema_version": 2,
          "attributes": {
            "cidr_blocks": [
              "0.0.0.0/0"
            ],
            "description": "",
            "from_port": 0,
            "id": "sgrule-126609002",
            "ipv6_cidr_blocks": null,
            "prefix_list_ids": null,
            "protocol": "-1",
            "security_group_id": "sg-03e3b04e765d7006f",
            "self": false,
            "source_security_group_id": null,
            "timeouts": null,
            "to_port": 0,
            "type": "egress"
          },
          "sensitive_attributes": [],
          "private": "eyJlMmJmYjczMC1lY2FhLTExZTYtOGY4OC0zNDM2M2JjN2M0YzAiOnsiY3JlYXRlIjozMDAwMDAwMDAwMDB9LCJzY2hlbWFfdmVyc2lvbiI6IjIifQ==",
          "dependencies": [
            "module.ec2.aws_security_group.sg",
            "module.vpc.aws_vpc.vpc"
          ]
        }
      ]
    },
    {
      "module": "module.ec2",
      "mode": "managed",
      "type": "aws_security_group_rule",
      "name": "allow-ssh-connections",
      "provider": "provider[\"registry.terraform.io/hashicorp/aws\"]",
      "instances": [
        {
          "schema_version": 2,
          "attributes": {
            "cidr_blocks": [
              "35.176.110.242/32",
              "10.0.0.0/16",
              "53.216.12.222/32",
              "121.22.12.3/32",
              "0.0.0.0/0"
            ],
            "description": "",
            "from_port": 22,
            "id": "sgrule-2688354574",
            "ipv6_cidr_blocks": null,
            "prefix_list_ids": null,
            "protocol": "tcp",
            "security_group_id": "sg-03e3b04e765d7006f",
            "self": false,
            "source_security_group_id": null,
            "timeouts": null,
            "to_port": 22,
            "type": "ingress"
          },
          "sensitive_attributes": [],
          "private": "eyJlMmJmYjczMC1lY2FhLTExZTYtOGY4OC0zNDM2M2JjN2M0YzAiOnsiY3JlYXRlIjozMDAwMDAwMDAwMDB9LCJzY2hlbWFfdmVyc2lvbiI6IjIifQ==",
          "dependencies": [
            "data.aws_availability_zones.available",
            "module.ec2.aws_security_group.sg",
            "module.vpc.aws_eip.nat-eip",
            "module.vpc.aws_nat_gateway.nat-gateway",
            "module.vpc.aws_subnet.subnets-public",
            "module.vpc.aws_vpc.vpc",
            "module.vpc.data.aws_availability_zones.available"
          ]
        }
      ]
    },
    {
      "module": "module.vpc",
      "mode": "data",
      "type": "aws_availability_zones",
      "name": "available",
      "provider": "provider[\"registry.terraform.io/hashicorp/aws\"]",
      "instances": [
        {
          "schema_version": 0,
          "attributes": {
            "all_availability_zones": null,
            "exclude_names": null,
            "exclude_zone_ids": null,
            "filter": null,
            "group_names": [
              "eu-west-2"
            ],
            "id": "eu-west-2",
            "names": [
              "eu-west-2a",
              "eu-west-2b",
              "eu-west-2c"
            ],
            "state": null,
            "timeouts": null,
            "zone_ids": [
              "euw2-az2",
              "euw2-az3",
              "euw2-az1"
            ]
          },
          "sensitive_attributes": []
        }
      ]
    },
    {
      "module": "module.vpc",
      "mode": "managed",
      "type": "aws_eip",
      "name": "nat-eip",
      "provider": "provider[\"registry.terraform.io/hashicorp/aws\"]",
      "instances": [
        {
          "schema_version": 0,
          "attributes": {
            "address": null,
            "allocation_id": "eipalloc-052582fb65e9d0689",
            "associate_with_private_ip": null,
            "association_id": "eipassoc-04a08c7a2d6e01c59",
            "carrier_ip": "",
            "customer_owned_ip": "",
            "customer_owned_ipv4_pool": "",
            "domain": "vpc",
            "id": "eipalloc-052582fb65e9d0689",
            "instance": "",
            "network_border_group": "eu-west-2",
            "network_interface": "eni-090b075605cdc7f64",
            "private_dns": "ip-10-0-126-85.eu-west-2.compute.internal",
            "private_ip": "10.0.126.85",
            "public_dns": "ec2-35-176-110-242.eu-west-2.compute.amazonaws.com",
            "public_ip": "35.176.110.242",
            "public_ipv4_pool": "amazon",
            "tags": {},
            "tags_all": {},
            "timeouts": null,
            "vpc": true
          },
          "sensitive_attributes": [],
          "private": "eyJlMmJmYjczMC1lY2FhLTExZTYtOGY4OC0zNDM2M2JjN2M0YzAiOnsiZGVsZXRlIjoxODAwMDAwMDAwMDAsInJlYWQiOjkwMDAwMDAwMDAwMCwidXBkYXRlIjozMDAwMDAwMDAwMDB9fQ=="
        }
      ]
    },
    {
      "module": "module.vpc",
      "mode": "managed",
      "type": "aws_internet_gateway",
      "name": "vpc-internetgw",
      "provider": "provider[\"registry.terraform.io/hashicorp/aws\"]",
      "instances": [
        {
          "schema_version": 0,
          "attributes": {
            "arn": "arn:aws:ec2:eu-west-2:972785599914:internet-gateway/igw-037586e45d7e13b9b",
            "id": "igw-037586e45d7e13b9b",
            "owner_id": "972785599914",
            "tags": {
              "Name": "Infracloud-test-igw",
              "Owner": "Ajay"
            },
            "tags_all": {
              "Name": "Infracloud-test-igw",
              "Owner": "Ajay"
            },
            "timeouts": null,
            "vpc_id": "vpc-0a2fc0f78ac4c8d82"
          },
          "sensitive_attributes": [],
          "private": "eyJlMmJmYjczMC1lY2FhLTExZTYtOGY4OC0zNDM2M2JjN2M0YzAiOnsiY3JlYXRlIjoxMjAwMDAwMDAwMDAwLCJkZWxldGUiOjEyMDAwMDAwMDAwMDAsInVwZGF0ZSI6MTIwMDAwMDAwMDAwMH19",
          "dependencies": [
            "module.vpc.aws_vpc.vpc"
          ]
        }
      ]
    },
    {
      "module": "module.vpc",
      "mode": "managed",
      "type": "aws_nat_gateway",
      "name": "nat-gateway",
      "provider": "provider[\"registry.terraform.io/hashicorp/aws\"]",
      "instances": [
        {
          "schema_version": 0,
          "attributes": {
            "allocation_id": "eipalloc-052582fb65e9d0689",
            "connectivity_type": "public",
            "id": "nat-005b4a1e6ccbc919f",
            "network_interface_id": "eni-090b075605cdc7f64",
            "private_ip": "10.0.126.85",
            "public_ip": "35.176.110.242",
            "subnet_id": "subnet-0107760145951bdb9",
            "tags": {
              "Name": "Infracloud-test-nat-gw",
              "Owner": "Ajay"
            },
            "tags_all": {
              "Name": "Infracloud-test-nat-gw",
              "Owner": "Ajay"
            }
          },
          "sensitive_attributes": [],
          "private": "bnVsbA==",
          "dependencies": [
            "data.aws_availability_zones.available",
            "module.vpc.aws_eip.nat-eip",
            "module.vpc.aws_subnet.subnets-public",
            "module.vpc.aws_vpc.vpc",
            "module.vpc.data.aws_availability_zones.available"
          ]
        }
      ]
    },
    {
      "module": "module.vpc",
      "mode": "managed",
      "type": "aws_route_table",
      "name": "route-private",
      "provider": "provider[\"registry.terraform.io/hashicorp/aws\"]",
      "instances": [
        {
          "schema_version": 0,
          "attributes": {
            "arn": "arn:aws:ec2:eu-west-2:972785599914:route-table/rtb-0e917357f853c8c4d",
            "id": "rtb-0e917357f853c8c4d",
            "owner_id": "972785599914",
            "propagating_vgws": [],
            "route": [
              {
                "carrier_gateway_id": "",
                "cidr_block": "0.0.0.0/0",
                "core_network_arn": "",
                "destination_prefix_list_id": "",
                "egress_only_gateway_id": "",
                "gateway_id": "",
                "instance_id": "",
                "ipv6_cidr_block": "",
                "local_gateway_id": "",
                "nat_gateway_id": "nat-005b4a1e6ccbc919f",
                "network_interface_id": "",
                "transit_gateway_id": "",
                "vpc_endpoint_id": "",
                "vpc_peering_connection_id": ""
              }
            ],
            "tags": {
              "Name": "Infracloud-test-private-route",
              "Owner": "Ajay"
            },
            "tags_all": {
              "Name": "Infracloud-test-private-route",
              "Owner": "Ajay"
            },
            "timeouts": null,
            "vpc_id": "vpc-0a2fc0f78ac4c8d82"
          },
          "sensitive_attributes": [],
          "private": "eyJlMmJmYjczMC1lY2FhLTExZTYtOGY4OC0zNDM2M2JjN2M0YzAiOnsiY3JlYXRlIjozMDAwMDAwMDAwMDAsImRlbGV0ZSI6MzAwMDAwMDAwMDAwLCJ1cGRhdGUiOjEyMDAwMDAwMDAwMH19",
          "dependencies": [
            "data.aws_availability_zones.available",
            "module.vpc.aws_eip.nat-eip",
            "module.vpc.aws_nat_gateway.nat-gateway",
            "module.vpc.aws_subnet.subnets-public",
            "module.vpc.aws_vpc.vpc",
            "module.vpc.data.aws_availability_zones.available"
          ]
        }
      ]
    },
    {
      "module": "module.vpc",
      "mode": "managed",
      "type": "aws_route_table",
      "name": "route-public",
      "provider": "provider[\"registry.terraform.io/hashicorp/aws\"]",
      "instances": [
        {
          "schema_version": 0,
          "attributes": {
            "arn": "arn:aws:ec2:eu-west-2:972785599914:route-table/rtb-0e51bf58a02e91f19",
            "id": "rtb-0e51bf58a02e91f19",
            "owner_id": "972785599914",
            "propagating_vgws": [],
            "route": [
              {
                "carrier_gateway_id": "",
                "cidr_block": "0.0.0.0/0",
                "core_network_arn": "",
                "destination_prefix_list_id": "",
                "egress_only_gateway_id": "",
                "gateway_id": "igw-037586e45d7e13b9b",
                "instance_id": "",
                "ipv6_cidr_block": "",
                "local_gateway_id": "",
                "nat_gateway_id": "",
                "network_interface_id": "",
                "transit_gateway_id": "",
                "vpc_endpoint_id": "",
                "vpc_peering_connection_id": ""
              }
            ],
            "tags": {
              "Name": "Infracloud-test-public-route",
              "Owner": "Ajay"
            },
            "tags_all": {
              "Name": "Infracloud-test-public-route",
              "Owner": "Ajay"
            },
            "timeouts": null,
            "vpc_id": "vpc-0a2fc0f78ac4c8d82"
          },
          "sensitive_attributes": [],
          "private": "eyJlMmJmYjczMC1lY2FhLTExZTYtOGY4OC0zNDM2M2JjN2M0YzAiOnsiY3JlYXRlIjozMDAwMDAwMDAwMDAsImRlbGV0ZSI6MzAwMDAwMDAwMDAwLCJ1cGRhdGUiOjEyMDAwMDAwMDAwMH19",
          "dependencies": [
            "module.vpc.aws_internet_gateway.vpc-internetgw",
            "module.vpc.aws_vpc.vpc"
          ]
        }
      ]
    },
    {
      "module": "module.vpc",
      "mode": "managed",
      "type": "aws_route_table_association",
      "name": "rt-association-private",
      "provider": "provider[\"registry.terraform.io/hashicorp/aws\"]",
      "instances": [
        {
          "index_key": 0,
          "schema_version": 0,
          "attributes": {
            "gateway_id": "",
            "id": "rtbassoc-0e22bfa1580e4de05",
            "route_table_id": "rtb-0e917357f853c8c4d",
            "subnet_id": "subnet-037ffc2c84fe2ccc3"
          },
          "sensitive_attributes": [],
          "private": "bnVsbA==",
          "dependencies": [
            "data.aws_availability_zones.available",
            "module.vpc.aws_eip.nat-eip",
            "module.vpc.aws_nat_gateway.nat-gateway",
            "module.vpc.aws_route_table.route-private",
            "module.vpc.aws_subnet.subnets-private",
            "module.vpc.aws_subnet.subnets-public",
            "module.vpc.aws_vpc.vpc",
            "module.vpc.data.aws_availability_zones.available"
          ]
        },
        {
          "index_key": 1,
          "schema_version": 0,
          "attributes": {
            "gateway_id": "",
            "id": "rtbassoc-0b50711a6a3b60f44",
            "route_table_id": "rtb-0e917357f853c8c4d",
            "subnet_id": "subnet-033fbf6cdc05dcd1c"
          },
          "sensitive_attributes": [],
          "private": "bnVsbA==",
          "dependencies": [
            "data.aws_availability_zones.available",
            "module.vpc.aws_eip.nat-eip",
            "module.vpc.aws_nat_gateway.nat-gateway",
            "module.vpc.aws_route_table.route-private",
            "module.vpc.aws_subnet.subnets-private",
            "module.vpc.aws_subnet.subnets-public",
            "module.vpc.aws_vpc.vpc",
            "module.vpc.data.aws_availability_zones.available"
          ]
        },
        {
          "index_key": 2,
          "schema_version": 0,
          "attributes": {
            "gateway_id": "",
            "id": "rtbassoc-0ad4347fe0c875f18",
            "route_table_id": "rtb-0e917357f853c8c4d",
            "subnet_id": "subnet-0af6657dc3ad5adbb"
          },
          "sensitive_attributes": [],
          "private": "bnVsbA==",
          "dependencies": [
            "data.aws_availability_zones.available",
            "module.vpc.aws_eip.nat-eip",
            "module.vpc.aws_nat_gateway.nat-gateway",
            "module.vpc.aws_route_table.route-private",
            "module.vpc.aws_subnet.subnets-private",
            "module.vpc.aws_subnet.subnets-public",
            "module.vpc.aws_vpc.vpc",
            "module.vpc.data.aws_availability_zones.available"
          ]
        }
      ]
    },
    {
      "module": "module.vpc",
      "mode": "managed",
      "type": "aws_route_table_association",
      "name": "rt-association-public",
      "provider": "provider[\"registry.terraform.io/hashicorp/aws\"]",
      "instances": [
        {
          "index_key": 0,
          "schema_version": 0,
          "attributes": {
            "gateway_id": "",
            "id": "rtbassoc-046c76a79605c8937",
            "route_table_id": "rtb-0e51bf58a02e91f19",
            "subnet_id": "subnet-0107760145951bdb9"
          },
          "sensitive_attributes": [],
          "private": "bnVsbA==",
          "dependencies": [
            "data.aws_availability_zones.available",
            "module.vpc.aws_internet_gateway.vpc-internetgw",
            "module.vpc.aws_route_table.route-public",
            "module.vpc.aws_subnet.subnets-public",
            "module.vpc.aws_vpc.vpc",
            "module.vpc.data.aws_availability_zones.available"
          ]
        },
        {
          "index_key": 1,
          "schema_version": 0,
          "attributes": {
            "gateway_id": "",
            "id": "rtbassoc-09e91c4986a0e43ff",
            "route_table_id": "rtb-0e51bf58a02e91f19",
            "subnet_id": "subnet-0d4501e1b1fb1fdde"
          },
          "sensitive_attributes": [],
          "private": "bnVsbA==",
          "dependencies": [
            "data.aws_availability_zones.available",
            "module.vpc.aws_internet_gateway.vpc-internetgw",
            "module.vpc.aws_route_table.route-public",
            "module.vpc.aws_subnet.subnets-public",
            "module.vpc.aws_vpc.vpc",
            "module.vpc.data.aws_availability_zones.available"
          ]
        },
        {
          "index_key": 2,
          "schema_version": 0,
          "attributes": {
            "gateway_id": "",
            "id": "rtbassoc-07632ca0c5c2e86cb",
            "route_table_id": "rtb-0e51bf58a02e91f19",
            "subnet_id": "subnet-0ff331bad2932b62d"
          },
          "sensitive_attributes": [],
          "private": "bnVsbA==",
          "dependencies": [
            "data.aws_availability_zones.available",
            "module.vpc.aws_internet_gateway.vpc-internetgw",
            "module.vpc.aws_route_table.route-public",
            "module.vpc.aws_subnet.subnets-public",
            "module.vpc.aws_vpc.vpc",
            "module.vpc.data.aws_availability_zones.available"
          ]
        }
      ]
    },
    {
      "module": "module.vpc",
      "mode": "managed",
      "type": "aws_subnet",
      "name": "subnets-private",
      "provider": "provider[\"registry.terraform.io/hashicorp/aws\"]",
      "instances": [
        {
          "index_key": 0,
          "schema_version": 1,
          "attributes": {
            "arn": "arn:aws:ec2:eu-west-2:972785599914:subnet/subnet-037ffc2c84fe2ccc3",
            "assign_ipv6_address_on_creation": false,
            "availability_zone": "eu-west-2a",
            "availability_zone_id": "euw2-az2",
            "cidr_block": "10.0.0.0/19",
            "customer_owned_ipv4_pool": "",
            "enable_dns64": false,
            "enable_resource_name_dns_a_record_on_launch": false,
            "enable_resource_name_dns_aaaa_record_on_launch": false,
            "id": "subnet-037ffc2c84fe2ccc3",
            "ipv6_cidr_block": "",
            "ipv6_cidr_block_association_id": "",
            "ipv6_native": false,
            "map_customer_owned_ip_on_launch": false,
            "map_public_ip_on_launch": false,
            "outpost_arn": "",
            "owner_id": "972785599914",
            "private_dns_hostname_type_on_launch": "ip-name",
            "tags": {
              "Name": "Infracloud-test-private-subnet",
              "Owner": "Ajay"
            },
            "tags_all": {
              "Name": "Infracloud-test-private-subnet",
              "Owner": "Ajay"
            },
            "timeouts": null,
            "vpc_id": "vpc-0a2fc0f78ac4c8d82"
          },
          "sensitive_attributes": [],
          "private": "eyJlMmJmYjczMC1lY2FhLTExZTYtOGY4OC0zNDM2M2JjN2M0YzAiOnsiY3JlYXRlIjo2MDAwMDAwMDAwMDAsImRlbGV0ZSI6MTIwMDAwMDAwMDAwMH0sInNjaGVtYV92ZXJzaW9uIjoiMSJ9",
          "dependencies": [
            "data.aws_availability_zones.available",
            "module.vpc.aws_vpc.vpc",
            "module.vpc.data.aws_availability_zones.available"
          ]
        },
        {
          "index_key": 1,
          "schema_version": 1,
          "attributes": {
            "arn": "arn:aws:ec2:eu-west-2:972785599914:subnet/subnet-033fbf6cdc05dcd1c",
            "assign_ipv6_address_on_creation": false,
            "availability_zone": "eu-west-2b",
            "availability_zone_id": "euw2-az3",
            "cidr_block": "10.0.32.0/19",
            "customer_owned_ipv4_pool": "",
            "enable_dns64": false,
            "enable_resource_name_dns_a_record_on_launch": false,
            "enable_resource_name_dns_aaaa_record_on_launch": false,
            "id": "subnet-033fbf6cdc05dcd1c",
            "ipv6_cidr_block": "",
            "ipv6_cidr_block_association_id": "",
            "ipv6_native": false,
            "map_customer_owned_ip_on_launch": false,
            "map_public_ip_on_launch": false,
            "outpost_arn": "",
            "owner_id": "972785599914",
            "private_dns_hostname_type_on_launch": "ip-name",
            "tags": {
              "Name": "Infracloud-test-private-subnet",
              "Owner": "Ajay"
            },
            "tags_all": {
              "Name": "Infracloud-test-private-subnet",
              "Owner": "Ajay"
            },
            "timeouts": null,
            "vpc_id": "vpc-0a2fc0f78ac4c8d82"
          },
          "sensitive_attributes": [],
          "private": "eyJlMmJmYjczMC1lY2FhLTExZTYtOGY4OC0zNDM2M2JjN2M0YzAiOnsiY3JlYXRlIjo2MDAwMDAwMDAwMDAsImRlbGV0ZSI6MTIwMDAwMDAwMDAwMH0sInNjaGVtYV92ZXJzaW9uIjoiMSJ9",
          "dependencies": [
            "data.aws_availability_zones.available",
            "module.vpc.aws_vpc.vpc",
            "module.vpc.data.aws_availability_zones.available"
          ]
        },
        {
          "index_key": 2,
          "schema_version": 1,
          "attributes": {
            "arn": "arn:aws:ec2:eu-west-2:972785599914:subnet/subnet-0af6657dc3ad5adbb",
            "assign_ipv6_address_on_creation": false,
            "availability_zone": "eu-west-2c",
            "availability_zone_id": "euw2-az1",
            "cidr_block": "10.0.64.0/19",
            "customer_owned_ipv4_pool": "",
            "enable_dns64": false,
            "enable_resource_name_dns_a_record_on_launch": false,
            "enable_resource_name_dns_aaaa_record_on_launch": false,
            "id": "subnet-0af6657dc3ad5adbb",
            "ipv6_cidr_block": "",
            "ipv6_cidr_block_association_id": "",
            "ipv6_native": false,
            "map_customer_owned_ip_on_launch": false,
            "map_public_ip_on_launch": false,
            "outpost_arn": "",
            "owner_id": "972785599914",
            "private_dns_hostname_type_on_launch": "ip-name",
            "tags": {
              "Name": "Infracloud-test-private-subnet",
              "Owner": "Ajay"
            },
            "tags_all": {
              "Name": "Infracloud-test-private-subnet",
              "Owner": "Ajay"
            },
            "timeouts": null,
            "vpc_id": "vpc-0a2fc0f78ac4c8d82"
          },
          "sensitive_attributes": [],
          "private": "eyJlMmJmYjczMC1lY2FhLTExZTYtOGY4OC0zNDM2M2JjN2M0YzAiOnsiY3JlYXRlIjo2MDAwMDAwMDAwMDAsImRlbGV0ZSI6MTIwMDAwMDAwMDAwMH0sInNjaGVtYV92ZXJzaW9uIjoiMSJ9",
          "dependencies": [
            "data.aws_availability_zones.available",
            "module.vpc.aws_vpc.vpc",
            "module.vpc.data.aws_availability_zones.available"
          ]
        }
      ]
    },
    {
      "module": "module.vpc",
      "mode": "managed",
      "type": "aws_subnet",
      "name": "subnets-public",
      "provider": "provider[\"registry.terraform.io/hashicorp/aws\"]",
      "instances": [
        {
          "index_key": 0,
          "schema_version": 1,
          "attributes": {
            "arn": "arn:aws:ec2:eu-west-2:972785599914:subnet/subnet-0107760145951bdb9",
            "assign_ipv6_address_on_creation": false,
            "availability_zone": "eu-west-2a",
            "availability_zone_id": "euw2-az2",
            "cidr_block": "10.0.96.0/19",
            "customer_owned_ipv4_pool": "",
            "enable_dns64": false,
            "enable_resource_name_dns_a_record_on_launch": false,
            "enable_resource_name_dns_aaaa_record_on_launch": false,
            "id": "subnet-0107760145951bdb9",
            "ipv6_cidr_block": "",
            "ipv6_cidr_block_association_id": "",
            "ipv6_native": false,
            "map_customer_owned_ip_on_launch": false,
            "map_public_ip_on_launch": false,
            "outpost_arn": "",
            "owner_id": "972785599914",
            "private_dns_hostname_type_on_launch": "ip-name",
            "tags": {
              "Name": "Infracloud-test-public-subnet",
              "Owner": "Ajay"
            },
            "tags_all": {
              "Name": "Infracloud-test-public-subnet",
              "Owner": "Ajay"
            },
            "timeouts": null,
            "vpc_id": "vpc-0a2fc0f78ac4c8d82"
          },
          "sensitive_attributes": [],
          "private": "eyJlMmJmYjczMC1lY2FhLTExZTYtOGY4OC0zNDM2M2JjN2M0YzAiOnsiY3JlYXRlIjo2MDAwMDAwMDAwMDAsImRlbGV0ZSI6MTIwMDAwMDAwMDAwMH0sInNjaGVtYV92ZXJzaW9uIjoiMSJ9",
          "dependencies": [
            "data.aws_availability_zones.available",
            "module.vpc.aws_vpc.vpc",
            "module.vpc.data.aws_availability_zones.available"
          ]
        },
        {
          "index_key": 1,
          "schema_version": 1,
          "attributes": {
            "arn": "arn:aws:ec2:eu-west-2:972785599914:subnet/subnet-0d4501e1b1fb1fdde",
            "assign_ipv6_address_on_creation": false,
            "availability_zone": "eu-west-2b",
            "availability_zone_id": "euw2-az3",
            "cidr_block": "10.0.128.0/19",
            "customer_owned_ipv4_pool": "",
            "enable_dns64": false,
            "enable_resource_name_dns_a_record_on_launch": false,
            "enable_resource_name_dns_aaaa_record_on_launch": false,
            "id": "subnet-0d4501e1b1fb1fdde",
            "ipv6_cidr_block": "",
            "ipv6_cidr_block_association_id": "",
            "ipv6_native": false,
            "map_customer_owned_ip_on_launch": false,
            "map_public_ip_on_launch": false,
            "outpost_arn": "",
            "owner_id": "972785599914",
            "private_dns_hostname_type_on_launch": "ip-name",
            "tags": {
              "Name": "Infracloud-test-public-subnet",
              "Owner": "Ajay"
            },
            "tags_all": {
              "Name": "Infracloud-test-public-subnet",
              "Owner": "Ajay"
            },
            "timeouts": null,
            "vpc_id": "vpc-0a2fc0f78ac4c8d82"
          },
          "sensitive_attributes": [],
          "private": "eyJlMmJmYjczMC1lY2FhLTExZTYtOGY4OC0zNDM2M2JjN2M0YzAiOnsiY3JlYXRlIjo2MDAwMDAwMDAwMDAsImRlbGV0ZSI6MTIwMDAwMDAwMDAwMH0sInNjaGVtYV92ZXJzaW9uIjoiMSJ9",
          "dependencies": [
            "data.aws_availability_zones.available",
            "module.vpc.aws_vpc.vpc",
            "module.vpc.data.aws_availability_zones.available"
          ]
        },
        {
          "index_key": 2,
          "schema_version": 1,
          "attributes": {
            "arn": "arn:aws:ec2:eu-west-2:972785599914:subnet/subnet-0ff331bad2932b62d",
            "assign_ipv6_address_on_creation": false,
            "availability_zone": "eu-west-2c",
            "availability_zone_id": "euw2-az1",
            "cidr_block": "10.0.160.0/19",
            "customer_owned_ipv4_pool": "",
            "enable_dns64": false,
            "enable_resource_name_dns_a_record_on_launch": false,
            "enable_resource_name_dns_aaaa_record_on_launch": false,
            "id": "subnet-0ff331bad2932b62d",
            "ipv6_cidr_block": "",
            "ipv6_cidr_block_association_id": "",
            "ipv6_native": false,
            "map_customer_owned_ip_on_launch": false,
            "map_public_ip_on_launch": false,
            "outpost_arn": "",
            "owner_id": "972785599914",
            "private_dns_hostname_type_on_launch": "ip-name",
            "tags": {
              "Name": "Infracloud-test-public-subnet",
              "Owner": "Ajay"
            },
            "tags_all": {
              "Name": "Infracloud-test-public-subnet",
              "Owner": "Ajay"
            },
            "timeouts": null,
            "vpc_id": "vpc-0a2fc0f78ac4c8d82"
          },
          "sensitive_attributes": [],
          "private": "eyJlMmJmYjczMC1lY2FhLTExZTYtOGY4OC0zNDM2M2JjN2M0YzAiOnsiY3JlYXRlIjo2MDAwMDAwMDAwMDAsImRlbGV0ZSI6MTIwMDAwMDAwMDAwMH0sInNjaGVtYV92ZXJzaW9uIjoiMSJ9",
          "dependencies": [
            "data.aws_availability_zones.available",
            "module.vpc.aws_vpc.vpc",
            "module.vpc.data.aws_availability_zones.available"
          ]
        }
      ]
    },
    {
      "module": "module.vpc",
      "mode": "managed",
      "type": "aws_vpc",
      "name": "vpc",
      "provider": "provider[\"registry.terraform.io/hashicorp/aws\"]",
      "instances": [
        {
          "schema_version": 1,
          "attributes": {
            "arn": "arn:aws:ec2:eu-west-2:972785599914:vpc/vpc-0a2fc0f78ac4c8d82",
            "assign_generated_ipv6_cidr_block": false,
            "cidr_block": "10.0.0.0/16",
            "default_network_acl_id": "acl-0a467c6a38d02d89e",
            "default_route_table_id": "rtb-0e903d22e4d1c6886",
            "default_security_group_id": "sg-0e991c347fbe76c66",
            "dhcp_options_id": "dopt-0ada5363f41ca097b",
            "enable_classiclink": false,
            "enable_classiclink_dns_support": false,
            "enable_dns_hostnames": true,
            "enable_dns_support": true,
            "id": "vpc-0a2fc0f78ac4c8d82",
            "instance_tenancy": "default",
            "ipv4_ipam_pool_id": null,
            "ipv4_netmask_length": null,
            "ipv6_association_id": "",
            "ipv6_cidr_block": "",
            "ipv6_cidr_block_network_border_group": "",
            "ipv6_ipam_pool_id": "",
            "ipv6_netmask_length": 0,
            "main_route_table_id": "rtb-0e903d22e4d1c6886",
            "owner_id": "972785599914",
            "tags": {
              "Name": "Infracloud-test",
              "Owner": "Ajay"
            },
            "tags_all": {
              "Name": "Infracloud-test",
              "Owner": "Ajay"
            }
          },
          "sensitive_attributes": [],
          "private": "eyJzY2hlbWFfdmVyc2lvbiI6IjEifQ=="
        }
      ]
    }
  ],
  "check_results": []
}
